// !$*UTF8*$!
{
	archiveVersion = 1;
	classes = {
	};
	objectVersion = 55;
	objects = {

/* Begin PBXBuildFile section */
		D00BE9FF28D09094000AE09D /* Tabman in Frameworks */ = {isa = PBXBuildFile; productRef = D00BE9FE28D09094000AE09D /* Tabman */; };
		D015C6F728D716D80081062F /* CardViewerViewController.swift in Sources */ = {isa = PBXBuildFile; fileRef = D015C6F628D716D80081062F /* CardViewerViewController.swift */; };
		D015C6F928D7174E0081062F /* CardViewerView.swift in Sources */ = {isa = PBXBuildFile; fileRef = D015C6F828D7174E0081062F /* CardViewerView.swift */; };
		D019487028E32824003004CF /* OnboardingViewController.swift in Sources */ = {isa = PBXBuildFile; fileRef = D019486F28E32824003004CF /* OnboardingViewController.swift */; };
		D0201A5028D184EE0038A9B6 /* CropViewController in Frameworks */ = {isa = PBXBuildFile; productRef = D0201A4F28D184EE0038A9B6 /* CropViewController */; };
		D0201A5228D184EE0038A9B6 /* TOCropViewController in Frameworks */ = {isa = PBXBuildFile; productRef = D0201A5128D184EE0038A9B6 /* TOCropViewController */; };
		D02099E228C79A4F00FD25DF /* 강원교육모두 Light.otf in Resources */ = {isa = PBXBuildFile; fileRef = D02099E128C79A4F00FD25DF /* 강원교육모두 Light.otf */; };
		D02099E428C79A5A00FD25DF /* KyoboHandwriting2020pdy.otf in Resources */ = {isa = PBXBuildFile; fileRef = D02099E328C79A5A00FD25DF /* KyoboHandwriting2020pdy.otf */; };
		D02099E628C79A6200FD25DF /* LeferiBaseRegular.otf in Resources */ = {isa = PBXBuildFile; fileRef = D02099E528C79A6200FD25DF /* LeferiBaseRegular.otf */; };
		D02099E828C79AFD00FD25DF /* UIFont+Extension.swift in Sources */ = {isa = PBXBuildFile; fileRef = D02099E728C79AFD00FD25DF /* UIFont+Extension.swift */; };
		D02099EE28C79F4500FD25DF /* Localizable.strings in Resources */ = {isa = PBXBuildFile; fileRef = D02099F028C79F4500FD25DF /* Localizable.strings */; };
		D02099F328C79F5800FD25DF /* String+Extension.swift in Sources */ = {isa = PBXBuildFile; fileRef = D02099F228C79F5800FD25DF /* String+Extension.swift */; };
		D02099F628C7A02800FD25DF /* InfoPlist.strings in Resources */ = {isa = PBXBuildFile; fileRef = D02099F828C7A02800FD25DF /* InfoPlist.strings */; };
		D0254FA928CB7D5E0076FCB1 /* DomesticListViewController.swift in Sources */ = {isa = PBXBuildFile; fileRef = D0254FA828CB7D5E0076FCB1 /* DomesticListViewController.swift */; };
		D0254FAB28CB7D800076FCB1 /* OverseasListViewController.swift in Sources */ = {isa = PBXBuildFile; fileRef = D0254FAA28CB7D800076FCB1 /* OverseasListViewController.swift */; };
		D0254FAF28CB831A0076FCB1 /* BaseCollectionViewCell.swift in Sources */ = {isa = PBXBuildFile; fileRef = D0254FAE28CB831A0076FCB1 /* BaseCollectionViewCell.swift */; };
		D0254FB328CB86620076FCB1 /* CardListView.swift in Sources */ = {isa = PBXBuildFile; fileRef = D0254FB228CB86620076FCB1 /* CardListView.swift */; };
		D0254FB628CB89590076FCB1 /* UICollectionViewLayout+Extension.swift in Sources */ = {isa = PBXBuildFile; fileRef = D0254FB528CB89590076FCB1 /* UICollectionViewLayout+Extension.swift */; };
		D026637A28DCBBC300A86196 /* JGProgressHUD in Frameworks */ = {isa = PBXBuildFile; productRef = D026637928DCBBC300A86196 /* JGProgressHUD */; };
		D02BC3BE28D3714A00BCEB0E /* .gitignore in Resources */ = {isa = PBXBuildFile; fileRef = D02BC3BD28D3714A00BCEB0E /* .gitignore */; };
		D0306ECD28D8384E003F9577 /* ChangeColorViewController.swift in Sources */ = {isa = PBXBuildFile; fileRef = D0306ECC28D8384E003F9577 /* ChangeColorViewController.swift */; };
		D0306ED128D838D4003F9577 /* ReusableTableCustomView.swift in Sources */ = {isa = PBXBuildFile; fileRef = D0306ED028D838D4003F9577 /* ReusableTableCustomView.swift */; };
		D0306ED428D85788003F9577 /* DateCollectionViewCell.swift in Sources */ = {isa = PBXBuildFile; fileRef = D0306ED328D85788003F9577 /* DateCollectionViewCell.swift */; };
		D031752B28CB246D00C7A91C /* CardCell.swift in Sources */ = {isa = PBXBuildFile; fileRef = D031752A28CB246D00C7A91C /* CardCell.swift */; };
		D031752E28CB285C00C7A91C /* SnapKit in Frameworks */ = {isa = PBXBuildFile; productRef = D031752D28CB285C00C7A91C /* SnapKit */; };
		D031753128CB28F000C7A91C /* Then in Frameworks */ = {isa = PBXBuildFile; productRef = D031753028CB28F000C7A91C /* Then */; };
		D031753328CB2F2B00C7A91C /* UIImage+Extension.swift in Sources */ = {isa = PBXBuildFile; fileRef = D031753228CB2F2B00C7A91C /* UIImage+Extension.swift */; };
		D037FABF28E3DC72001F6A43 /* Realm in Frameworks */ = {isa = PBXBuildFile; productRef = D037FABE28E3DC72001F6A43 /* Realm */; };
		D037FAC128E3DC72001F6A43 /* RealmSwift in Frameworks */ = {isa = PBXBuildFile; productRef = D037FAC028E3DC72001F6A43 /* RealmSwift */; };
		D041A29328E2CE1B0038C853 /* AcknowList in Frameworks */ = {isa = PBXBuildFile; productRef = D041A29228E2CE1B0038C853 /* AcknowList */; };
		D045AAB728D868400027B7F5 /* CardDetailCollectionViewCell.swift in Sources */ = {isa = PBXBuildFile; fileRef = D045AAB628D868400027B7F5 /* CardDetailCollectionViewCell.swift */; };
		D047C77A28D7689A007A6BE6 /* BaseNavigationController+Extension.swift in Sources */ = {isa = PBXBuildFile; fileRef = D047C77928D7689A007A6BE6 /* BaseNavigationController+Extension.swift */; };
		D047C77D28D76C0A007A6BE6 /* SettingViewController.swift in Sources */ = {isa = PBXBuildFile; fileRef = D047C77C28D76C0A007A6BE6 /* SettingViewController.swift */; };
		D04A960F28D0611B0073EC38 /* WriteViewController.swift in Sources */ = {isa = PBXBuildFile; fileRef = D04A960E28D0611B0073EC38 /* WriteViewController.swift */; };
		D04A961128D0613E0073EC38 /* WriteByDateView.swift in Sources */ = {isa = PBXBuildFile; fileRef = D04A961028D0613E0073EC38 /* WriteByDateView.swift */; };
		D04A961428D0648F0073EC38 /* TextFieldEffects in Frameworks */ = {isa = PBXBuildFile; productRef = D04A961328D0648F0073EC38 /* TextFieldEffects */; };
		D04CCEB128D2144B004C2F10 /* WriteByDateViewController.swift in Sources */ = {isa = PBXBuildFile; fileRef = D04CCEB028D2144B004C2F10 /* WriteByDateViewController.swift */; };
		D04CCEB328D220F9004C2F10 /* WriteViewModel.swift in Sources */ = {isa = PBXBuildFile; fileRef = D04CCEB228D220F9004C2F10 /* WriteViewModel.swift */; };
		D04CCEB628D225F5004C2F10 /* Observable.swift in Sources */ = {isa = PBXBuildFile; fileRef = D04CCEB528D225F5004C2F10 /* Observable.swift */; };
		D04DD30B28DABBAD00EDCBDA /* BackupRestoreViewController.swift in Sources */ = {isa = PBXBuildFile; fileRef = D04DD30A28DABBAD00EDCBDA /* BackupRestoreViewController.swift */; };
		D04DD30D28DABBD500EDCBDA /* BackupRestoreView.swift in Sources */ = {isa = PBXBuildFile; fileRef = D04DD30C28DABBD500EDCBDA /* BackupRestoreView.swift */; };
		D069916628D45C1A0089F862 /* DateFormatterManager.swift in Sources */ = {isa = PBXBuildFile; fileRef = D069916528D45C1A0089F862 /* DateFormatterManager.swift */; };
		D091EED028CEFC3C00BEDC80 /* TabBarViewController.swift in Sources */ = {isa = PBXBuildFile; fileRef = D091EECF28CEFC3C00BEDC80 /* TabBarViewController.swift */; };
		D091EED228CF0E8600BEDC80 /* Trip.swift in Sources */ = {isa = PBXBuildFile; fileRef = D091EED128CF0E8600BEDC80 /* Trip.swift */; };
		D091EED428CF138800BEDC80 /* Date+Extension.swift in Sources */ = {isa = PBXBuildFile; fileRef = D091EED328CF138800BEDC80 /* Date+Extension.swift */; };
		D09C947E28D1C31600D2B68D /* UIView+Extension.swift in Sources */ = {isa = PBXBuildFile; fileRef = D09C947D28D1C31600D2B68D /* UIView+Extension.swift */; };
		D09C948028D1D56D00D2B68D /* WriteView.swift in Sources */ = {isa = PBXBuildFile; fileRef = D09C947F28D1D56D00D2B68D /* WriteView.swift */; };
		D09C948328D1D6FD00D2B68D /* WriteTableViewHeader.swift in Sources */ = {isa = PBXBuildFile; fileRef = D09C948228D1D6FD00D2B68D /* WriteTableViewHeader.swift */; };
		D09C948528D1D70D00D2B68D /* WriteTableViewCell.swift in Sources */ = {isa = PBXBuildFile; fileRef = D09C948428D1D70D00D2B68D /* WriteTableViewCell.swift */; };
		D09EB5CB28DB550500F2E72A /* FileManager+Extension.swift in Sources */ = {isa = PBXBuildFile; fileRef = D09EB5CA28DB550500F2E72A /* FileManager+Extension.swift */; };
		D0A666BA28D0815F0042C9C7 /* MainTextField.swift in Sources */ = {isa = PBXBuildFile; fileRef = D0A666B928D0815F0042C9C7 /* MainTextField.swift */; };
		D0A666BD28D085000042C9C7 /* IQKeyboardManagerSwift in Frameworks */ = {isa = PBXBuildFile; productRef = D0A666BC28D085000042C9C7 /* IQKeyboardManagerSwift */; };
		D0AB512428C76CD800EB6D2B /* AppDelegate.swift in Sources */ = {isa = PBXBuildFile; fileRef = D0AB512328C76CD800EB6D2B /* AppDelegate.swift */; };
		D0AB512628C76CD800EB6D2B /* SceneDelegate.swift in Sources */ = {isa = PBXBuildFile; fileRef = D0AB512528C76CD800EB6D2B /* SceneDelegate.swift */; };
		D0AB512D28C76CD800EB6D2B /* Assets.xcassets in Resources */ = {isa = PBXBuildFile; fileRef = D0AB512C28C76CD800EB6D2B /* Assets.xcassets */; };
		D0AB513028C76CD800EB6D2B /* LaunchScreen.storyboard in Resources */ = {isa = PBXBuildFile; fileRef = D0AB512E28C76CD800EB6D2B /* LaunchScreen.storyboard */; };
		D0AB513E28C76D9800EB6D2B /* MainViewController.swift in Sources */ = {isa = PBXBuildFile; fileRef = D0AB513D28C76D9800EB6D2B /* MainViewController.swift */; };
		D0AB514128C76E2C00EB6D2B /* BaseViewController.swift in Sources */ = {isa = PBXBuildFile; fileRef = D0AB514028C76E2C00EB6D2B /* BaseViewController.swift */; };
		D0AB514328C76E6400EB6D2B /* BaseView.swift in Sources */ = {isa = PBXBuildFile; fileRef = D0AB514228C76E6400EB6D2B /* BaseView.swift */; };
		D0AB514528C76E8D00EB6D2B /* ReusableProtocol.swift in Sources */ = {isa = PBXBuildFile; fileRef = D0AB514428C76E8D00EB6D2B /* ReusableProtocol.swift */; };
		D0AB514728C7700D00EB6D2B /* UIViewController+Extension.swift in Sources */ = {isa = PBXBuildFile; fileRef = D0AB514628C7700D00EB6D2B /* UIViewController+Extension.swift */; };
		D0AB514B28C7726200EB6D2B /* UserDefaultManager.swift in Sources */ = {isa = PBXBuildFile; fileRef = D0AB514A28C7726200EB6D2B /* UserDefaultManager.swift */; };
		D0AB514D28C7758300EB6D2B /* UIColor+Extension.swift in Sources */ = {isa = PBXBuildFile; fileRef = D0AB514C28C7758300EB6D2B /* UIColor+Extension.swift */; };
		D0AB515028C776C700EB6D2B /* ColorManager.swift in Sources */ = {isa = PBXBuildFile; fileRef = D0AB514F28C776C700EB6D2B /* ColorManager.swift */; };
		D0AB59BD28D4384300DD13AD /* ChangeCalendarDateView.swift in Sources */ = {isa = PBXBuildFile; fileRef = D0AB59BC28D4384300DD13AD /* ChangeCalendarDateView.swift */; };
		D0B210D628DE9CF20041092B /* FSPagerView in Frameworks */ = {isa = PBXBuildFile; productRef = D0B210D528DE9CF20041092B /* FSPagerView */; };
		D0B210D828DEA26F0041092B /* CardViewerCollectionViewCell.swift in Sources */ = {isa = PBXBuildFile; fileRef = D0B210D728DEA26F0041092B /* CardViewerCollectionViewCell.swift */; };
		D0B210DA28DEAFA90041092B /* MainPagerViewCell.swift in Sources */ = {isa = PBXBuildFile; fileRef = D0B210D928DEAFA90041092B /* MainPagerViewCell.swift */; };
		D0B8BC5F28E1CE890061B84C /* ChangeImageQualityViewController.swift in Sources */ = {isa = PBXBuildFile; fileRef = D0B8BC5E28E1CE890061B84C /* ChangeImageQualityViewController.swift */; };
		D0B8BC6128E21EAC0061B84C /* BaseTableViewCell.swift in Sources */ = {isa = PBXBuildFile; fileRef = D0B8BC6028E21EAC0061B84C /* BaseTableViewCell.swift */; };
		D0BBA54F28D3115A007D0916 /* FSCalendar in Frameworks */ = {isa = PBXBuildFile; productRef = D0BBA54E28D3115A007D0916 /* FSCalendar */; };
		D0BBA55228D31487007D0916 /* CalendarSheetViewController.swift in Sources */ = {isa = PBXBuildFile; fileRef = D0BBA55128D31487007D0916 /* CalendarSheetViewController.swift */; };
		D0BBA55428D314A0007D0916 /* CalendarView.swift in Sources */ = {isa = PBXBuildFile; fileRef = D0BBA55328D314A0007D0916 /* CalendarView.swift */; };
		D0BC601528D80FF3001A4728 /* CardDetailViewerViewController.swift in Sources */ = {isa = PBXBuildFile; fileRef = D0BC601428D80FF3001A4728 /* CardDetailViewerViewController.swift */; };
		D0BC601728D81015001A4728 /* CardDetailViewerView.swift in Sources */ = {isa = PBXBuildFile; fileRef = D0BC601628D81015001A4728 /* CardDetailViewerView.swift */; };
		D0BC601928D811DD001A4728 /* CustomFont.swift in Sources */ = {isa = PBXBuildFile; fileRef = D0BC601828D811DD001A4728 /* CustomFont.swift */; };
		D0BC601C28D8143B001A4728 /* ChangeFontViewController.swift in Sources */ = {isa = PBXBuildFile; fileRef = D0BC601B28D8143B001A4728 /* ChangeFontViewController.swift */; };
		D0C91E2A28DAF32A0045D587 /* BackupFileTableViewCell.swift in Sources */ = {isa = PBXBuildFile; fileRef = D0C91E2928DAF32A0045D587 /* BackupFileTableViewCell.swift */; };
		D0C91E2D28DB010E0045D587 /* Zip in Frameworks */ = {isa = PBXBuildFile; productRef = D0C91E2C28DB010E0045D587 /* Zip */; };
		D0CDCD8228D00C7E00F6AD8C /* TripDataRepository.swift in Sources */ = {isa = PBXBuildFile; fileRef = D0CDCD8128D00C7E00F6AD8C /* TripDataRepository.swift */; };
		D0CDCD8428D00D5000F6AD8C /* DocumentManager.swift in Sources */ = {isa = PBXBuildFile; fileRef = D0CDCD8328D00D5000F6AD8C /* DocumentManager.swift */; };
		D0D279FC28DDF5EC004EA873 /* URL+Extension.swift in Sources */ = {isa = PBXBuildFile; fileRef = D0D279FB28DDF5EC004EA873 /* URL+Extension.swift */; };
		D0F8ABF928E43319002351A9 /* NanumSquareRoundOTFL.otf in Resources */ = {isa = PBXBuildFile; fileRef = D0F8ABF828E43319002351A9 /* NanumSquareRoundOTFL.otf */; };
/* End PBXBuildFile section */

/* Begin PBXFileReference section */
		D015C6F628D716D80081062F /* CardViewerViewController.swift */ = {isa = PBXFileReference; lastKnownFileType = sourcecode.swift; path = CardViewerViewController.swift; sourceTree = "<group>"; };
		D015C6F828D7174E0081062F /* CardViewerView.swift */ = {isa = PBXFileReference; lastKnownFileType = sourcecode.swift; path = CardViewerView.swift; sourceTree = "<group>"; };
		D019486F28E32824003004CF /* OnboardingViewController.swift */ = {isa = PBXFileReference; lastKnownFileType = sourcecode.swift; path = OnboardingViewController.swift; sourceTree = "<group>"; };
		D02099E128C79A4F00FD25DF /* 강원교육모두 Light.otf */ = {isa = PBXFileReference; lastKnownFileType = file; path = "강원교육모두 Light.otf"; sourceTree = "<group>"; };
		D02099E328C79A5A00FD25DF /* KyoboHandwriting2020pdy.otf */ = {isa = PBXFileReference; lastKnownFileType = file; path = KyoboHandwriting2020pdy.otf; sourceTree = "<group>"; };
		D02099E528C79A6200FD25DF /* LeferiBaseRegular.otf */ = {isa = PBXFileReference; lastKnownFileType = file; path = LeferiBaseRegular.otf; sourceTree = "<group>"; };
		D02099E728C79AFD00FD25DF /* UIFont+Extension.swift */ = {isa = PBXFileReference; lastKnownFileType = sourcecode.swift; path = "UIFont+Extension.swift"; sourceTree = "<group>"; };
		D02099EF28C79F4500FD25DF /* en */ = {isa = PBXFileReference; lastKnownFileType = text.plist.strings; name = en; path = en.lproj/Localizable.strings; sourceTree = "<group>"; };
		D02099F128C79F4700FD25DF /* ko */ = {isa = PBXFileReference; lastKnownFileType = text.plist.strings; name = ko; path = ko.lproj/Localizable.strings; sourceTree = "<group>"; };
		D02099F228C79F5800FD25DF /* String+Extension.swift */ = {isa = PBXFileReference; lastKnownFileType = sourcecode.swift; path = "String+Extension.swift"; sourceTree = "<group>"; };
		D02099F728C7A02800FD25DF /* en */ = {isa = PBXFileReference; lastKnownFileType = text.plist.strings; name = en; path = en.lproj/InfoPlist.strings; sourceTree = "<group>"; };
		D02099F928C7A02B00FD25DF /* ko */ = {isa = PBXFileReference; lastKnownFileType = text.plist.strings; name = ko; path = ko.lproj/InfoPlist.strings; sourceTree = "<group>"; };
		D0254FA828CB7D5E0076FCB1 /* DomesticListViewController.swift */ = {isa = PBXFileReference; lastKnownFileType = sourcecode.swift; path = DomesticListViewController.swift; sourceTree = "<group>"; };
		D0254FAA28CB7D800076FCB1 /* OverseasListViewController.swift */ = {isa = PBXFileReference; lastKnownFileType = sourcecode.swift; path = OverseasListViewController.swift; sourceTree = "<group>"; };
		D0254FAE28CB831A0076FCB1 /* BaseCollectionViewCell.swift */ = {isa = PBXFileReference; lastKnownFileType = sourcecode.swift; path = BaseCollectionViewCell.swift; sourceTree = "<group>"; };
		D0254FB228CB86620076FCB1 /* CardListView.swift */ = {isa = PBXFileReference; lastKnownFileType = sourcecode.swift; path = CardListView.swift; sourceTree = "<group>"; };
		D0254FB528CB89590076FCB1 /* UICollectionViewLayout+Extension.swift */ = {isa = PBXFileReference; lastKnownFileType = sourcecode.swift; path = "UICollectionViewLayout+Extension.swift"; sourceTree = "<group>"; };
		D02BC3BD28D3714A00BCEB0E /* .gitignore */ = {isa = PBXFileReference; lastKnownFileType = text; path = .gitignore; sourceTree = "<group>"; };
		D0306ECC28D8384E003F9577 /* ChangeColorViewController.swift */ = {isa = PBXFileReference; lastKnownFileType = sourcecode.swift; path = ChangeColorViewController.swift; sourceTree = "<group>"; };
		D0306ED028D838D4003F9577 /* ReusableTableCustomView.swift */ = {isa = PBXFileReference; lastKnownFileType = sourcecode.swift; path = ReusableTableCustomView.swift; sourceTree = "<group>"; };
		D0306ED328D85788003F9577 /* DateCollectionViewCell.swift */ = {isa = PBXFileReference; lastKnownFileType = sourcecode.swift; path = DateCollectionViewCell.swift; sourceTree = "<group>"; };
		D031752A28CB246D00C7A91C /* CardCell.swift */ = {isa = PBXFileReference; lastKnownFileType = sourcecode.swift; path = CardCell.swift; sourceTree = "<group>"; };
		D031753228CB2F2B00C7A91C /* UIImage+Extension.swift */ = {isa = PBXFileReference; lastKnownFileType = sourcecode.swift; path = "UIImage+Extension.swift"; sourceTree = "<group>"; };
		D045AAB628D868400027B7F5 /* CardDetailCollectionViewCell.swift */ = {isa = PBXFileReference; lastKnownFileType = sourcecode.swift; path = CardDetailCollectionViewCell.swift; sourceTree = "<group>"; };
		D047C77928D7689A007A6BE6 /* BaseNavigationController+Extension.swift */ = {isa = PBXFileReference; lastKnownFileType = sourcecode.swift; path = "BaseNavigationController+Extension.swift"; sourceTree = "<group>"; };
		D047C77C28D76C0A007A6BE6 /* SettingViewController.swift */ = {isa = PBXFileReference; lastKnownFileType = sourcecode.swift; path = SettingViewController.swift; sourceTree = "<group>"; };
		D04A960E28D0611B0073EC38 /* WriteViewController.swift */ = {isa = PBXFileReference; lastKnownFileType = sourcecode.swift; path = WriteViewController.swift; sourceTree = "<group>"; };
		D04A961028D0613E0073EC38 /* WriteByDateView.swift */ = {isa = PBXFileReference; lastKnownFileType = sourcecode.swift; path = WriteByDateView.swift; sourceTree = "<group>"; };
		D04CCEB028D2144B004C2F10 /* WriteByDateViewController.swift */ = {isa = PBXFileReference; lastKnownFileType = sourcecode.swift; path = WriteByDateViewController.swift; sourceTree = "<group>"; };
		D04CCEB228D220F9004C2F10 /* WriteViewModel.swift */ = {isa = PBXFileReference; lastKnownFileType = sourcecode.swift; path = WriteViewModel.swift; sourceTree = "<group>"; };
		D04CCEB528D225F5004C2F10 /* Observable.swift */ = {isa = PBXFileReference; lastKnownFileType = sourcecode.swift; path = Observable.swift; sourceTree = "<group>"; };
		D04DD30A28DABBAD00EDCBDA /* BackupRestoreViewController.swift */ = {isa = PBXFileReference; lastKnownFileType = sourcecode.swift; path = BackupRestoreViewController.swift; sourceTree = "<group>"; };
		D04DD30C28DABBD500EDCBDA /* BackupRestoreView.swift */ = {isa = PBXFileReference; lastKnownFileType = sourcecode.swift; path = BackupRestoreView.swift; sourceTree = "<group>"; };
		D069916528D45C1A0089F862 /* DateFormatterManager.swift */ = {isa = PBXFileReference; lastKnownFileType = sourcecode.swift; path = DateFormatterManager.swift; sourceTree = "<group>"; };
		D091EECF28CEFC3C00BEDC80 /* TabBarViewController.swift */ = {isa = PBXFileReference; lastKnownFileType = sourcecode.swift; path = TabBarViewController.swift; sourceTree = "<group>"; };
		D091EED128CF0E8600BEDC80 /* Trip.swift */ = {isa = PBXFileReference; lastKnownFileType = sourcecode.swift; path = Trip.swift; sourceTree = "<group>"; };
		D091EED328CF138800BEDC80 /* Date+Extension.swift */ = {isa = PBXFileReference; lastKnownFileType = sourcecode.swift; path = "Date+Extension.swift"; sourceTree = "<group>"; };
		D09C947D28D1C31600D2B68D /* UIView+Extension.swift */ = {isa = PBXFileReference; lastKnownFileType = sourcecode.swift; path = "UIView+Extension.swift"; sourceTree = "<group>"; };
		D09C947F28D1D56D00D2B68D /* WriteView.swift */ = {isa = PBXFileReference; lastKnownFileType = sourcecode.swift; path = WriteView.swift; sourceTree = "<group>"; };
		D09C948228D1D6FD00D2B68D /* WriteTableViewHeader.swift */ = {isa = PBXFileReference; lastKnownFileType = sourcecode.swift; path = WriteTableViewHeader.swift; sourceTree = "<group>"; };
		D09C948428D1D70D00D2B68D /* WriteTableViewCell.swift */ = {isa = PBXFileReference; lastKnownFileType = sourcecode.swift; path = WriteTableViewCell.swift; sourceTree = "<group>"; };
		D09EB5CA28DB550500F2E72A /* FileManager+Extension.swift */ = {isa = PBXFileReference; lastKnownFileType = sourcecode.swift; path = "FileManager+Extension.swift"; sourceTree = "<group>"; };
		D0A666B928D0815F0042C9C7 /* MainTextField.swift */ = {isa = PBXFileReference; lastKnownFileType = sourcecode.swift; path = MainTextField.swift; sourceTree = "<group>"; };
		D0AB512028C76CD800EB6D2B /* TripCard.app */ = {isa = PBXFileReference; explicitFileType = wrapper.application; includeInIndex = 0; path = TripCard.app; sourceTree = BUILT_PRODUCTS_DIR; };
		D0AB512328C76CD800EB6D2B /* AppDelegate.swift */ = {isa = PBXFileReference; lastKnownFileType = sourcecode.swift; path = AppDelegate.swift; sourceTree = "<group>"; };
		D0AB512528C76CD800EB6D2B /* SceneDelegate.swift */ = {isa = PBXFileReference; lastKnownFileType = sourcecode.swift; path = SceneDelegate.swift; sourceTree = "<group>"; };
		D0AB512C28C76CD800EB6D2B /* Assets.xcassets */ = {isa = PBXFileReference; lastKnownFileType = folder.assetcatalog; path = Assets.xcassets; sourceTree = "<group>"; };
		D0AB512F28C76CD800EB6D2B /* Base */ = {isa = PBXFileReference; lastKnownFileType = file.storyboard; name = Base; path = Base.lproj/LaunchScreen.storyboard; sourceTree = "<group>"; };
		D0AB513128C76CD800EB6D2B /* Info.plist */ = {isa = PBXFileReference; lastKnownFileType = text.plist.xml; path = Info.plist; sourceTree = "<group>"; };
		D0AB513D28C76D9800EB6D2B /* MainViewController.swift */ = {isa = PBXFileReference; lastKnownFileType = sourcecode.swift; path = MainViewController.swift; sourceTree = "<group>"; };
		D0AB514028C76E2C00EB6D2B /* BaseViewController.swift */ = {isa = PBXFileReference; lastKnownFileType = sourcecode.swift; path = BaseViewController.swift; sourceTree = "<group>"; };
		D0AB514228C76E6400EB6D2B /* BaseView.swift */ = {isa = PBXFileReference; lastKnownFileType = sourcecode.swift; path = BaseView.swift; sourceTree = "<group>"; };
		D0AB514428C76E8D00EB6D2B /* ReusableProtocol.swift */ = {isa = PBXFileReference; lastKnownFileType = sourcecode.swift; path = ReusableProtocol.swift; sourceTree = "<group>"; };
		D0AB514628C7700D00EB6D2B /* UIViewController+Extension.swift */ = {isa = PBXFileReference; lastKnownFileType = sourcecode.swift; path = "UIViewController+Extension.swift"; sourceTree = "<group>"; };
		D0AB514A28C7726200EB6D2B /* UserDefaultManager.swift */ = {isa = PBXFileReference; lastKnownFileType = sourcecode.swift; path = UserDefaultManager.swift; sourceTree = "<group>"; };
		D0AB514C28C7758300EB6D2B /* UIColor+Extension.swift */ = {isa = PBXFileReference; lastKnownFileType = sourcecode.swift; path = "UIColor+Extension.swift"; sourceTree = "<group>"; };
		D0AB514F28C776C700EB6D2B /* ColorManager.swift */ = {isa = PBXFileReference; lastKnownFileType = sourcecode.swift; path = ColorManager.swift; sourceTree = "<group>"; };
		D0AB59BC28D4384300DD13AD /* ChangeCalendarDateView.swift */ = {isa = PBXFileReference; lastKnownFileType = sourcecode.swift; path = ChangeCalendarDateView.swift; sourceTree = "<group>"; };
		D0B210D728DEA26F0041092B /* CardViewerCollectionViewCell.swift */ = {isa = PBXFileReference; lastKnownFileType = sourcecode.swift; path = CardViewerCollectionViewCell.swift; sourceTree = "<group>"; };
		D0B210D928DEAFA90041092B /* MainPagerViewCell.swift */ = {isa = PBXFileReference; lastKnownFileType = sourcecode.swift; path = MainPagerViewCell.swift; sourceTree = "<group>"; };
		D0B8BC5E28E1CE890061B84C /* ChangeImageQualityViewController.swift */ = {isa = PBXFileReference; lastKnownFileType = sourcecode.swift; path = ChangeImageQualityViewController.swift; sourceTree = "<group>"; };
		D0B8BC6028E21EAC0061B84C /* BaseTableViewCell.swift */ = {isa = PBXFileReference; lastKnownFileType = sourcecode.swift; path = BaseTableViewCell.swift; sourceTree = "<group>"; };
		D0BBA55128D31487007D0916 /* CalendarSheetViewController.swift */ = {isa = PBXFileReference; lastKnownFileType = sourcecode.swift; path = CalendarSheetViewController.swift; sourceTree = "<group>"; };
		D0BBA55328D314A0007D0916 /* CalendarView.swift */ = {isa = PBXFileReference; lastKnownFileType = sourcecode.swift; path = CalendarView.swift; sourceTree = "<group>"; };
		D0BC601428D80FF3001A4728 /* CardDetailViewerViewController.swift */ = {isa = PBXFileReference; lastKnownFileType = sourcecode.swift; path = CardDetailViewerViewController.swift; sourceTree = "<group>"; };
		D0BC601628D81015001A4728 /* CardDetailViewerView.swift */ = {isa = PBXFileReference; lastKnownFileType = sourcecode.swift; path = CardDetailViewerView.swift; sourceTree = "<group>"; };
		D0BC601828D811DD001A4728 /* CustomFont.swift */ = {isa = PBXFileReference; lastKnownFileType = sourcecode.swift; path = CustomFont.swift; sourceTree = "<group>"; };
		D0BC601B28D8143B001A4728 /* ChangeFontViewController.swift */ = {isa = PBXFileReference; lastKnownFileType = sourcecode.swift; path = ChangeFontViewController.swift; sourceTree = "<group>"; };
		D0C91E2928DAF32A0045D587 /* BackupFileTableViewCell.swift */ = {isa = PBXFileReference; lastKnownFileType = sourcecode.swift; path = BackupFileTableViewCell.swift; sourceTree = "<group>"; };
		D0CDCD8128D00C7E00F6AD8C /* TripDataRepository.swift */ = {isa = PBXFileReference; lastKnownFileType = sourcecode.swift; path = TripDataRepository.swift; sourceTree = "<group>"; };
		D0CDCD8328D00D5000F6AD8C /* DocumentManager.swift */ = {isa = PBXFileReference; lastKnownFileType = sourcecode.swift; path = DocumentManager.swift; sourceTree = "<group>"; };
		D0D279FB28DDF5EC004EA873 /* URL+Extension.swift */ = {isa = PBXFileReference; lastKnownFileType = sourcecode.swift; path = "URL+Extension.swift"; sourceTree = "<group>"; };
		D0F8ABF828E43319002351A9 /* NanumSquareRoundOTFL.otf */ = {isa = PBXFileReference; lastKnownFileType = file; path = NanumSquareRoundOTFL.otf; sourceTree = "<group>"; };
		D0F8ABFB28E44005002351A9 /* ja */ = {isa = PBXFileReference; lastKnownFileType = text.plist.strings; name = ja; path = ja.lproj/Localizable.strings; sourceTree = "<group>"; };
		D0F8ABFC28E44005002351A9 /* ja */ = {isa = PBXFileReference; lastKnownFileType = text.plist.strings; name = ja; path = ja.lproj/InfoPlist.strings; sourceTree = "<group>"; };
/* End PBXFileReference section */

/* Begin PBXFrameworksBuildPhase section */
		D0AB511D28C76CD800EB6D2B /* Frameworks */ = {
			isa = PBXFrameworksBuildPhase;
			buildActionMask = 2147483647;
			files = (
				D0A666BD28D085000042C9C7 /* IQKeyboardManagerSwift in Frameworks */,
				D026637A28DCBBC300A86196 /* JGProgressHUD in Frameworks */,
				D037FAC128E3DC72001F6A43 /* RealmSwift in Frameworks */,
				D0201A5228D184EE0038A9B6 /* TOCropViewController in Frameworks */,
				D031752E28CB285C00C7A91C /* SnapKit in Frameworks */,
				D0BBA54F28D3115A007D0916 /* FSCalendar in Frameworks */,
				D041A29328E2CE1B0038C853 /* AcknowList in Frameworks */,
				D00BE9FF28D09094000AE09D /* Tabman in Frameworks */,
				D031753128CB28F000C7A91C /* Then in Frameworks */,
				D0C91E2D28DB010E0045D587 /* Zip in Frameworks */,
				D0B210D628DE9CF20041092B /* FSPagerView in Frameworks */,
				D0201A5028D184EE0038A9B6 /* CropViewController in Frameworks */,
				D037FABF28E3DC72001F6A43 /* Realm in Frameworks */,
				D04A961428D0648F0073EC38 /* TextFieldEffects in Frameworks */,
			);
			runOnlyForDeploymentPostprocessing = 0;
		};
/* End PBXFrameworksBuildPhase section */

/* Begin PBXGroup section */
		D019486C28E327F8003004CF /* OnboardingView */ = {
			isa = PBXGroup;
			children = (
				D019486F28E32824003004CF /* OnboardingViewController.swift */,
			);
			path = OnboardingView;
			sourceTree = "<group>";
		};
		D02099E028C79A2600FD25DF /* CustomFont */ = {
			isa = PBXGroup;
			children = (
				D0BC601828D811DD001A4728 /* CustomFont.swift */,
				D02099E128C79A4F00FD25DF /* 강원교육모두 Light.otf */,
				D02099E328C79A5A00FD25DF /* KyoboHandwriting2020pdy.otf */,
				D0F8ABF828E43319002351A9 /* NanumSquareRoundOTFL.otf */,
				D02099E528C79A6200FD25DF /* LeferiBaseRegular.otf */,
			);
			path = CustomFont;
			sourceTree = "<group>";
		};
		D02099EA28C79EF600FD25DF /* Localization */ = {
			isa = PBXGroup;
			children = (
				D02099F028C79F4500FD25DF /* Localizable.strings */,
				D02099F828C7A02800FD25DF /* InfoPlist.strings */,
			);
			path = Localization;
			sourceTree = "<group>";
		};
		D0254FA628CB7CFB0076FCB1 /* DomesticListView */ = {
			isa = PBXGroup;
			children = (
				D0254FA828CB7D5E0076FCB1 /* DomesticListViewController.swift */,
			);
			path = DomesticListView;
			sourceTree = "<group>";
		};
		D0254FA728CB7D2E0076FCB1 /* OverseasListView */ = {
			isa = PBXGroup;
			children = (
				D0254FAA28CB7D800076FCB1 /* OverseasListViewController.swift */,
			);
			path = OverseasListView;
			sourceTree = "<group>";
		};
		D0306ECA28D8380C003F9577 /* ChangeColorView */ = {
			isa = PBXGroup;
			children = (
				D0306ECC28D8384E003F9577 /* ChangeColorViewController.swift */,
			);
			path = ChangeColorView;
			sourceTree = "<group>";
		};
		D0306ECB28D83826003F9577 /* OpenSourceView */ = {
			isa = PBXGroup;
			children = (
			);
			path = OpenSourceView;
			sourceTree = "<group>";
		};
		D0306ED228D85765003F9577 /* CollectionViewCell */ = {
			isa = PBXGroup;
			children = (
				D0306ED328D85788003F9577 /* DateCollectionViewCell.swift */,
				D045AAB628D868400027B7F5 /* CardDetailCollectionViewCell.swift */,
			);
			path = CollectionViewCell;
			sourceTree = "<group>";
		};
		D031752928CB245000C7A91C /* ReusableView */ = {
			isa = PBXGroup;
			children = (
				D031752A28CB246D00C7A91C /* CardCell.swift */,
				D0254FB228CB86620076FCB1 /* CardListView.swift */,
				D0AB59BC28D4384300DD13AD /* ChangeCalendarDateView.swift */,
				D0306ED028D838D4003F9577 /* ReusableTableCustomView.swift */,
			);
			path = ReusableView;
			sourceTree = "<group>";
		};
		D047C77B28D76BE3007A6BE6 /* SettingView */ = {
			isa = PBXGroup;
			children = (
				D047C77C28D76C0A007A6BE6 /* SettingViewController.swift */,
				D0BC601A28D813F8001A4728 /* ChangeFontView */,
				D0306ECA28D8380C003F9577 /* ChangeColorView */,
				D0B8BC5D28E1CE620061B84C /* ChangeImageQualityView */,
				D04DD30928DABB7900EDCBDA /* BackupRestoreView */,
				D0306ECB28D83826003F9577 /* OpenSourceView */,
			);
			path = SettingView;
			sourceTree = "<group>";
		};
		D04A960D28D060810073EC38 /* WriteView */ = {
			isa = PBXGroup;
			children = (
				D04A960E28D0611B0073EC38 /* WriteViewController.swift */,
				D09C947F28D1D56D00D2B68D /* WriteView.swift */,
				D04CCEB228D220F9004C2F10 /* WriteViewModel.swift */,
				D09C948128D1D6D100D2B68D /* TableView */,
				D0BBA55028D3142F007D0916 /* CalendarSheetView */,
			);
			path = WriteView;
			sourceTree = "<group>";
		};
		D04A961528D080B50073EC38 /* CustomClass */ = {
			isa = PBXGroup;
			children = (
				D0A666B928D0815F0042C9C7 /* MainTextField.swift */,
				D0B210D928DEAFA90041092B /* MainPagerViewCell.swift */,
			);
			path = CustomClass;
			sourceTree = "<group>";
		};
		D04CCEAF28D2142A004C2F10 /* WriteByDateView */ = {
			isa = PBXGroup;
			children = (
				D04CCEB028D2144B004C2F10 /* WriteByDateViewController.swift */,
				D04A961028D0613E0073EC38 /* WriteByDateView.swift */,
			);
			path = WriteByDateView;
			sourceTree = "<group>";
		};
		D04CCEB428D225DD004C2F10 /* Observable */ = {
			isa = PBXGroup;
			children = (
				D04CCEB528D225F5004C2F10 /* Observable.swift */,
			);
			path = Observable;
			sourceTree = "<group>";
		};
		D04DD30928DABB7900EDCBDA /* BackupRestoreView */ = {
			isa = PBXGroup;
			children = (
				D04DD30A28DABBAD00EDCBDA /* BackupRestoreViewController.swift */,
				D04DD30C28DABBD500EDCBDA /* BackupRestoreView.swift */,
				D0C91E2828DAF30D0045D587 /* TableView */,
			);
			path = BackupRestoreView;
			sourceTree = "<group>";
		};
		D091EECE28CEE86C00BEDC80 /* Database */ = {
			isa = PBXGroup;
			children = (
				D091EED128CF0E8600BEDC80 /* Trip.swift */,
				D0CDCD8128D00C7E00F6AD8C /* TripDataRepository.swift */,
				D0CDCD8328D00D5000F6AD8C /* DocumentManager.swift */,
			);
			path = Database;
			sourceTree = "<group>";
		};
		D09C948128D1D6D100D2B68D /* TableView */ = {
			isa = PBXGroup;
			children = (
				D09C948228D1D6FD00D2B68D /* WriteTableViewHeader.swift */,
				D09C948428D1D70D00D2B68D /* WriteTableViewCell.swift */,
			);
			path = TableView;
			sourceTree = "<group>";
		};
		D0AB511728C76CD800EB6D2B = {
			isa = PBXGroup;
			children = (
				D0AB512228C76CD800EB6D2B /* TripCard */,
				D0AB512128C76CD800EB6D2B /* Products */,
			);
			sourceTree = "<group>";
		};
		D0AB512128C76CD800EB6D2B /* Products */ = {
			isa = PBXGroup;
			children = (
				D0AB512028C76CD800EB6D2B /* TripCard.app */,
			);
			name = Products;
			sourceTree = "<group>";
		};
		D0AB512228C76CD800EB6D2B /* TripCard */ = {
			isa = PBXGroup;
			children = (
				D0AB513728C76CE700EB6D2B /* App */,
				D0AB513828C76D1C00EB6D2B /* Utility */,
				D0AB514828C7720E00EB6D2B /* Manager */,
				D091EECE28CEE86C00BEDC80 /* Database */,
				D0AB513928C76D2C00EB6D2B /* View */,
				D0AB512C28C76CD800EB6D2B /* Assets.xcassets */,
				D0AB512E28C76CD800EB6D2B /* LaunchScreen.storyboard */,
				D0AB513128C76CD800EB6D2B /* Info.plist */,
				D02BC3BD28D3714A00BCEB0E /* .gitignore */,
			);
			path = TripCard;
			sourceTree = "<group>";
		};
		D0AB513728C76CE700EB6D2B /* App */ = {
			isa = PBXGroup;
			children = (
				D0AB512328C76CD800EB6D2B /* AppDelegate.swift */,
				D0AB512528C76CD800EB6D2B /* SceneDelegate.swift */,
			);
			path = App;
			sourceTree = "<group>";
		};
		D0AB513828C76D1C00EB6D2B /* Utility */ = {
			isa = PBXGroup;
			children = (
				D0AB513C28C76D6200EB6D2B /* Base */,
				D0AB513B28C76D5B00EB6D2B /* Protocol */,
				D0AB513A28C76D3900EB6D2B /* Extension */,
				D02099E028C79A2600FD25DF /* CustomFont */,
				D04A961528D080B50073EC38 /* CustomClass */,
				D04CCEB428D225DD004C2F10 /* Observable */,
				D02099EA28C79EF600FD25DF /* Localization */,
			);
			path = Utility;
			sourceTree = "<group>";
		};
		D0AB513928C76D2C00EB6D2B /* View */ = {
			isa = PBXGroup;
			children = (
				D019486C28E327F8003004CF /* OnboardingView */,
				D091EECF28CEFC3C00BEDC80 /* TabBarViewController.swift */,
				D031752928CB245000C7A91C /* ReusableView */,
				D0AB513F28C76DA000EB6D2B /* MainScene */,
				D04A960D28D060810073EC38 /* WriteView */,
				D04CCEAF28D2142A004C2F10 /* WriteByDateView */,
				D0C4476E28D6CFF300BCCA52 /* CardViewerView */,
				D0BC601328D80E97001A4728 /* CardDetailViewerView */,
				D047C77B28D76BE3007A6BE6 /* SettingView */,
			);
			path = View;
			sourceTree = "<group>";
		};
		D0AB513A28C76D3900EB6D2B /* Extension */ = {
			isa = PBXGroup;
			children = (
				D0AB514628C7700D00EB6D2B /* UIViewController+Extension.swift */,
				D0AB514C28C7758300EB6D2B /* UIColor+Extension.swift */,
				D02099E728C79AFD00FD25DF /* UIFont+Extension.swift */,
				D02099F228C79F5800FD25DF /* String+Extension.swift */,
				D031753228CB2F2B00C7A91C /* UIImage+Extension.swift */,
				D0254FB528CB89590076FCB1 /* UICollectionViewLayout+Extension.swift */,
				D091EED328CF138800BEDC80 /* Date+Extension.swift */,
				D09C947D28D1C31600D2B68D /* UIView+Extension.swift */,
				D09EB5CA28DB550500F2E72A /* FileManager+Extension.swift */,
				D0D279FB28DDF5EC004EA873 /* URL+Extension.swift */,
			);
			path = Extension;
			sourceTree = "<group>";
		};
		D0AB513B28C76D5B00EB6D2B /* Protocol */ = {
			isa = PBXGroup;
			children = (
				D0AB514428C76E8D00EB6D2B /* ReusableProtocol.swift */,
			);
			path = Protocol;
			sourceTree = "<group>";
		};
		D0AB513C28C76D6200EB6D2B /* Base */ = {
			isa = PBXGroup;
			children = (
				D0AB514028C76E2C00EB6D2B /* BaseViewController.swift */,
				D0AB514228C76E6400EB6D2B /* BaseView.swift */,
				D0254FAE28CB831A0076FCB1 /* BaseCollectionViewCell.swift */,
				D0B8BC6028E21EAC0061B84C /* BaseTableViewCell.swift */,
				D047C77928D7689A007A6BE6 /* BaseNavigationController+Extension.swift */,
			);
			path = Base;
			sourceTree = "<group>";
		};
		D0AB513F28C76DA000EB6D2B /* MainScene */ = {
			isa = PBXGroup;
			children = (
				D0AB513D28C76D9800EB6D2B /* MainViewController.swift */,
				D0254FA628CB7CFB0076FCB1 /* DomesticListView */,
				D0254FA728CB7D2E0076FCB1 /* OverseasListView */,
			);
			path = MainScene;
			sourceTree = "<group>";
		};
		D0AB514828C7720E00EB6D2B /* Manager */ = {
			isa = PBXGroup;
			children = (
				D0AB514F28C776C700EB6D2B /* ColorManager.swift */,
				D0AB514A28C7726200EB6D2B /* UserDefaultManager.swift */,
				D069916528D45C1A0089F862 /* DateFormatterManager.swift */,
			);
			path = Manager;
			sourceTree = "<group>";
		};
		D0B8BC5D28E1CE620061B84C /* ChangeImageQualityView */ = {
			isa = PBXGroup;
			children = (
				D0B8BC5E28E1CE890061B84C /* ChangeImageQualityViewController.swift */,
			);
			path = ChangeImageQualityView;
			sourceTree = "<group>";
		};
		D0BBA55028D3142F007D0916 /* CalendarSheetView */ = {
			isa = PBXGroup;
			children = (
				D0BBA55128D31487007D0916 /* CalendarSheetViewController.swift */,
				D0BBA55328D314A0007D0916 /* CalendarView.swift */,
			);
			path = CalendarSheetView;
			sourceTree = "<group>";
		};
		D0BC601328D80E97001A4728 /* CardDetailViewerView */ = {
			isa = PBXGroup;
			children = (
				D0BC601428D80FF3001A4728 /* CardDetailViewerViewController.swift */,
				D0BC601628D81015001A4728 /* CardDetailViewerView.swift */,
				D0306ED228D85765003F9577 /* CollectionViewCell */,
			);
			path = CardDetailViewerView;
			sourceTree = "<group>";
		};
		D0BC601A28D813F8001A4728 /* ChangeFontView */ = {
			isa = PBXGroup;
			children = (
				D0BC601B28D8143B001A4728 /* ChangeFontViewController.swift */,
			);
			path = ChangeFontView;
			sourceTree = "<group>";
		};
		D0C4476E28D6CFF300BCCA52 /* CardViewerView */ = {
			isa = PBXGroup;
			children = (
				D015C6F628D716D80081062F /* CardViewerViewController.swift */,
				D015C6F828D7174E0081062F /* CardViewerView.swift */,
				D0B210D728DEA26F0041092B /* CardViewerCollectionViewCell.swift */,
			);
			path = CardViewerView;
			sourceTree = "<group>";
		};
		D0C91E2828DAF30D0045D587 /* TableView */ = {
			isa = PBXGroup;
			children = (
				D0C91E2928DAF32A0045D587 /* BackupFileTableViewCell.swift */,
			);
			path = TableView;
			sourceTree = "<group>";
		};
/* End PBXGroup section */

/* Begin PBXNativeTarget section */
		D0AB511F28C76CD800EB6D2B /* TripCard */ = {
			isa = PBXNativeTarget;
			buildConfigurationList = D0AB513428C76CD800EB6D2B /* Build configuration list for PBXNativeTarget "TripCard" */;
			buildPhases = (
				D0AB511C28C76CD800EB6D2B /* Sources */,
				D0AB511D28C76CD800EB6D2B /* Frameworks */,
				D0AB511E28C76CD800EB6D2B /* Resources */,
			);
			buildRules = (
			);
			dependencies = (
			);
			name = TripCard;
			packageProductDependencies = (
				D031752D28CB285C00C7A91C /* SnapKit */,
				D031753028CB28F000C7A91C /* Then */,
				D04A961328D0648F0073EC38 /* TextFieldEffects */,
				D0A666BC28D085000042C9C7 /* IQKeyboardManagerSwift */,
				D00BE9FE28D09094000AE09D /* Tabman */,
				D0201A4F28D184EE0038A9B6 /* CropViewController */,
				D0201A5128D184EE0038A9B6 /* TOCropViewController */,
				D0BBA54E28D3115A007D0916 /* FSCalendar */,
				D0C91E2C28DB010E0045D587 /* Zip */,
				D026637928DCBBC300A86196 /* JGProgressHUD */,
				D0B210D528DE9CF20041092B /* FSPagerView */,
				D041A29228E2CE1B0038C853 /* AcknowList */,
				D037FABE28E3DC72001F6A43 /* Realm */,
				D037FAC028E3DC72001F6A43 /* RealmSwift */,
			);
			productName = TripCard;
			productReference = D0AB512028C76CD800EB6D2B /* TripCard.app */;
			productType = "com.apple.product-type.application";
		};
/* End PBXNativeTarget section */

/* Begin PBXProject section */
		D0AB511828C76CD800EB6D2B /* Project object */ = {
			isa = PBXProject;
			attributes = {
				BuildIndependentTargetsInParallel = 1;
				LastSwiftUpdateCheck = 1340;
				LastUpgradeCheck = 1340;
				TargetAttributes = {
					D0AB511F28C76CD800EB6D2B = {
						CreatedOnToolsVersion = 13.4.1;
					};
				};
			};
			buildConfigurationList = D0AB511B28C76CD800EB6D2B /* Build configuration list for PBXProject "TripCard" */;
			compatibilityVersion = "Xcode 13.0";
			developmentRegion = en;
			hasScannedForEncodings = 0;
			knownRegions = (
				en,
				Base,
				ko,
				ja,
			);
			mainGroup = D0AB511728C76CD800EB6D2B;
			packageReferences = (
				D031752C28CB285C00C7A91C /* XCRemoteSwiftPackageReference "SnapKit" */,
				D031752F28CB28F000C7A91C /* XCRemoteSwiftPackageReference "Then" */,
				D04A961228D0648F0073EC38 /* XCRemoteSwiftPackageReference "TextFieldEffects" */,
				D0A666BB28D085000042C9C7 /* XCRemoteSwiftPackageReference "IQKeyboardManager" */,
				D00BE9FD28D09094000AE09D /* XCRemoteSwiftPackageReference "Tabman" */,
				D0201A4E28D184EE0038A9B6 /* XCRemoteSwiftPackageReference "TOCropViewController" */,
				D0BBA54D28D3115A007D0916 /* XCRemoteSwiftPackageReference "FSCalendar" */,
				D0C91E2B28DB010E0045D587 /* XCRemoteSwiftPackageReference "Zip" */,
				D026637828DCBBC300A86196 /* XCRemoteSwiftPackageReference "JGProgressHUD" */,
				D0B210D428DE9CF20041092B /* XCRemoteSwiftPackageReference "FSPagerView" */,
				D041A29128E2CE1B0038C853 /* XCRemoteSwiftPackageReference "AcknowList" */,
				D037FABD28E3DC72001F6A43 /* XCRemoteSwiftPackageReference "realm-swift" */,
			);
			productRefGroup = D0AB512128C76CD800EB6D2B /* Products */;
			projectDirPath = "";
			projectRoot = "";
			targets = (
				D0AB511F28C76CD800EB6D2B /* TripCard */,
			);
		};
/* End PBXProject section */

/* Begin PBXResourcesBuildPhase section */
		D0AB511E28C76CD800EB6D2B /* Resources */ = {
			isa = PBXResourcesBuildPhase;
			buildActionMask = 2147483647;
			files = (
				D02BC3BE28D3714A00BCEB0E /* .gitignore in Resources */,
				D0AB513028C76CD800EB6D2B /* LaunchScreen.storyboard in Resources */,
				D02099F628C7A02800FD25DF /* InfoPlist.strings in Resources */,
				D02099EE28C79F4500FD25DF /* Localizable.strings in Resources */,
				D0AB512D28C76CD800EB6D2B /* Assets.xcassets in Resources */,
				D02099E428C79A5A00FD25DF /* KyoboHandwriting2020pdy.otf in Resources */,
				D0F8ABF928E43319002351A9 /* NanumSquareRoundOTFL.otf in Resources */,
				D02099E228C79A4F00FD25DF /* 강원교육모두 Light.otf in Resources */,
				D02099E628C79A6200FD25DF /* LeferiBaseRegular.otf in Resources */,
			);
			runOnlyForDeploymentPostprocessing = 0;
		};
/* End PBXResourcesBuildPhase section */

/* Begin PBXSourcesBuildPhase section */
		D0AB511C28C76CD800EB6D2B /* Sources */ = {
			isa = PBXSourcesBuildPhase;
			buildActionMask = 2147483647;
			files = (
				D0AB513E28C76D9800EB6D2B /* MainViewController.swift in Sources */,
				D091EED428CF138800BEDC80 /* Date+Extension.swift in Sources */,
				D047C77A28D7689A007A6BE6 /* BaseNavigationController+Extension.swift in Sources */,
				D0D279FC28DDF5EC004EA873 /* URL+Extension.swift in Sources */,
				D031753328CB2F2B00C7A91C /* UIImage+Extension.swift in Sources */,
				D0254FB328CB86620076FCB1 /* CardListView.swift in Sources */,
				D047C77D28D76C0A007A6BE6 /* SettingViewController.swift in Sources */,
				D019487028E32824003004CF /* OnboardingViewController.swift in Sources */,
				D0AB515028C776C700EB6D2B /* ColorManager.swift in Sources */,
				D0BC601728D81015001A4728 /* CardDetailViewerView.swift in Sources */,
				D0AB514128C76E2C00EB6D2B /* BaseViewController.swift in Sources */,
				D0B8BC5F28E1CE890061B84C /* ChangeImageQualityViewController.swift in Sources */,
				D015C6F928D7174E0081062F /* CardViewerView.swift in Sources */,
				D0306ED128D838D4003F9577 /* ReusableTableCustomView.swift in Sources */,
				D0A666BA28D0815F0042C9C7 /* MainTextField.swift in Sources */,
				D0AB514B28C7726200EB6D2B /* UserDefaultManager.swift in Sources */,
				D02099F328C79F5800FD25DF /* String+Extension.swift in Sources */,
				D0254FA928CB7D5E0076FCB1 /* DomesticListViewController.swift in Sources */,
				D04DD30B28DABBAD00EDCBDA /* BackupRestoreViewController.swift in Sources */,
				D0CDCD8228D00C7E00F6AD8C /* TripDataRepository.swift in Sources */,
				D09C948028D1D56D00D2B68D /* WriteView.swift in Sources */,
				D04CCEB628D225F5004C2F10 /* Observable.swift in Sources */,
				D04A961128D0613E0073EC38 /* WriteByDateView.swift in Sources */,
				D0BBA55428D314A0007D0916 /* CalendarView.swift in Sources */,
				D0BC601C28D8143B001A4728 /* ChangeFontViewController.swift in Sources */,
				D0CDCD8428D00D5000F6AD8C /* DocumentManager.swift in Sources */,
				D091EED028CEFC3C00BEDC80 /* TabBarViewController.swift in Sources */,
				D0B8BC6128E21EAC0061B84C /* BaseTableViewCell.swift in Sources */,
				D0AB514D28C7758300EB6D2B /* UIColor+Extension.swift in Sources */,
				D0BBA55228D31487007D0916 /* CalendarSheetViewController.swift in Sources */,
				D0AB514528C76E8D00EB6D2B /* ReusableProtocol.swift in Sources */,
				D031752B28CB246D00C7A91C /* CardCell.swift in Sources */,
				D0BC601528D80FF3001A4728 /* CardDetailViewerViewController.swift in Sources */,
				D09C948528D1D70D00D2B68D /* WriteTableViewCell.swift in Sources */,
				D091EED228CF0E8600BEDC80 /* Trip.swift in Sources */,
				D0254FAF28CB831A0076FCB1 /* BaseCollectionViewCell.swift in Sources */,
				D0254FB628CB89590076FCB1 /* UICollectionViewLayout+Extension.swift in Sources */,
				D04A960F28D0611B0073EC38 /* WriteViewController.swift in Sources */,
				D0AB514328C76E6400EB6D2B /* BaseView.swift in Sources */,
				D0B210DA28DEAFA90041092B /* MainPagerViewCell.swift in Sources */,
				D04CCEB328D220F9004C2F10 /* WriteViewModel.swift in Sources */,
				D045AAB728D868400027B7F5 /* CardDetailCollectionViewCell.swift in Sources */,
				D09C947E28D1C31600D2B68D /* UIView+Extension.swift in Sources */,
				D0BC601928D811DD001A4728 /* CustomFont.swift in Sources */,
				D04DD30D28DABBD500EDCBDA /* BackupRestoreView.swift in Sources */,
				D0306ECD28D8384E003F9577 /* ChangeColorViewController.swift in Sources */,
				D09C948328D1D6FD00D2B68D /* WriteTableViewHeader.swift in Sources */,
				D0C91E2A28DAF32A0045D587 /* BackupFileTableViewCell.swift in Sources */,
				D0AB59BD28D4384300DD13AD /* ChangeCalendarDateView.swift in Sources */,
				D0AB514728C7700D00EB6D2B /* UIViewController+Extension.swift in Sources */,
				D0254FAB28CB7D800076FCB1 /* OverseasListViewController.swift in Sources */,
				D0AB512428C76CD800EB6D2B /* AppDelegate.swift in Sources */,
				D0B210D828DEA26F0041092B /* CardViewerCollectionViewCell.swift in Sources */,
				D069916628D45C1A0089F862 /* DateFormatterManager.swift in Sources */,
				D04CCEB128D2144B004C2F10 /* WriteByDateViewController.swift in Sources */,
				D0AB512628C76CD800EB6D2B /* SceneDelegate.swift in Sources */,
				D015C6F728D716D80081062F /* CardViewerViewController.swift in Sources */,
				D02099E828C79AFD00FD25DF /* UIFont+Extension.swift in Sources */,
				D0306ED428D85788003F9577 /* DateCollectionViewCell.swift in Sources */,
				D09EB5CB28DB550500F2E72A /* FileManager+Extension.swift in Sources */,
			);
			runOnlyForDeploymentPostprocessing = 0;
		};
/* End PBXSourcesBuildPhase section */

/* Begin PBXVariantGroup section */
		D02099F028C79F4500FD25DF /* Localizable.strings */ = {
			isa = PBXVariantGroup;
			children = (
				D02099EF28C79F4500FD25DF /* en */,
				D02099F128C79F4700FD25DF /* ko */,
				D0F8ABFB28E44005002351A9 /* ja */,
			);
			name = Localizable.strings;
			sourceTree = "<group>";
		};
		D02099F828C7A02800FD25DF /* InfoPlist.strings */ = {
			isa = PBXVariantGroup;
			children = (
				D02099F728C7A02800FD25DF /* en */,
				D02099F928C7A02B00FD25DF /* ko */,
				D0F8ABFC28E44005002351A9 /* ja */,
			);
			name = InfoPlist.strings;
			sourceTree = "<group>";
		};
		D0AB512E28C76CD800EB6D2B /* LaunchScreen.storyboard */ = {
			isa = PBXVariantGroup;
			children = (
				D0AB512F28C76CD800EB6D2B /* Base */,
			);
			name = LaunchScreen.storyboard;
			sourceTree = "<group>";
		};
/* End PBXVariantGroup section */

/* Begin XCBuildConfiguration section */
		D0AB513228C76CD800EB6D2B /* Debug */ = {
			isa = XCBuildConfiguration;
			buildSettings = {
				ALWAYS_SEARCH_USER_PATHS = NO;
				CLANG_ANALYZER_LOCALIZABILITY_NONLOCALIZED = YES;
				CLANG_ANALYZER_NONNULL = YES;
				CLANG_ANALYZER_NUMBER_OBJECT_CONVERSION = YES_AGGRESSIVE;
				CLANG_CXX_LANGUAGE_STANDARD = "gnu++17";
				CLANG_ENABLE_MODULES = YES;
				CLANG_ENABLE_OBJC_ARC = YES;
				CLANG_ENABLE_OBJC_WEAK = YES;
				CLANG_WARN_BLOCK_CAPTURE_AUTORELEASING = YES;
				CLANG_WARN_BOOL_CONVERSION = YES;
				CLANG_WARN_COMMA = YES;
				CLANG_WARN_CONSTANT_CONVERSION = YES;
				CLANG_WARN_DEPRECATED_OBJC_IMPLEMENTATIONS = YES;
				CLANG_WARN_DIRECT_OBJC_ISA_USAGE = YES_ERROR;
				CLANG_WARN_DOCUMENTATION_COMMENTS = YES;
				CLANG_WARN_EMPTY_BODY = YES;
				CLANG_WARN_ENUM_CONVERSION = YES;
				CLANG_WARN_INFINITE_RECURSION = YES;
				CLANG_WARN_INT_CONVERSION = YES;
				CLANG_WARN_NON_LITERAL_NULL_CONVERSION = YES;
				CLANG_WARN_OBJC_IMPLICIT_RETAIN_SELF = YES;
				CLANG_WARN_OBJC_LITERAL_CONVERSION = YES;
				CLANG_WARN_OBJC_ROOT_CLASS = YES_ERROR;
				CLANG_WARN_QUOTED_INCLUDE_IN_FRAMEWORK_HEADER = YES;
				CLANG_WARN_RANGE_LOOP_ANALYSIS = YES;
				CLANG_WARN_STRICT_PROTOTYPES = YES;
				CLANG_WARN_SUSPICIOUS_MOVE = YES;
				CLANG_WARN_UNGUARDED_AVAILABILITY = YES_AGGRESSIVE;
				CLANG_WARN_UNREACHABLE_CODE = YES;
				CLANG_WARN__DUPLICATE_METHOD_MATCH = YES;
				COPY_PHASE_STRIP = NO;
				DEBUG_INFORMATION_FORMAT = dwarf;
				ENABLE_STRICT_OBJC_MSGSEND = YES;
				ENABLE_TESTABILITY = YES;
				GCC_C_LANGUAGE_STANDARD = gnu11;
				GCC_DYNAMIC_NO_PIC = NO;
				GCC_NO_COMMON_BLOCKS = YES;
				GCC_OPTIMIZATION_LEVEL = 0;
				GCC_PREPROCESSOR_DEFINITIONS = (
					"DEBUG=1",
					"$(inherited)",
				);
				GCC_WARN_64_TO_32_BIT_CONVERSION = YES;
				GCC_WARN_ABOUT_RETURN_TYPE = YES_ERROR;
				GCC_WARN_UNDECLARED_SELECTOR = YES;
				GCC_WARN_UNINITIALIZED_AUTOS = YES_AGGRESSIVE;
				GCC_WARN_UNUSED_FUNCTION = YES;
				GCC_WARN_UNUSED_VARIABLE = YES;
				IPHONEOS_DEPLOYMENT_TARGET = 15.5;
				MTL_ENABLE_DEBUG_INFO = INCLUDE_SOURCE;
				MTL_FAST_MATH = YES;
				ONLY_ACTIVE_ARCH = YES;
				SDKROOT = iphoneos;
				SWIFT_ACTIVE_COMPILATION_CONDITIONS = DEBUG;
				SWIFT_OPTIMIZATION_LEVEL = "-Onone";
			};
			name = Debug;
		};
		D0AB513328C76CD800EB6D2B /* Release */ = {
			isa = XCBuildConfiguration;
			buildSettings = {
				ALWAYS_SEARCH_USER_PATHS = NO;
				CLANG_ANALYZER_LOCALIZABILITY_NONLOCALIZED = YES;
				CLANG_ANALYZER_NONNULL = YES;
				CLANG_ANALYZER_NUMBER_OBJECT_CONVERSION = YES_AGGRESSIVE;
				CLANG_CXX_LANGUAGE_STANDARD = "gnu++17";
				CLANG_ENABLE_MODULES = YES;
				CLANG_ENABLE_OBJC_ARC = YES;
				CLANG_ENABLE_OBJC_WEAK = YES;
				CLANG_WARN_BLOCK_CAPTURE_AUTORELEASING = YES;
				CLANG_WARN_BOOL_CONVERSION = YES;
				CLANG_WARN_COMMA = YES;
				CLANG_WARN_CONSTANT_CONVERSION = YES;
				CLANG_WARN_DEPRECATED_OBJC_IMPLEMENTATIONS = YES;
				CLANG_WARN_DIRECT_OBJC_ISA_USAGE = YES_ERROR;
				CLANG_WARN_DOCUMENTATION_COMMENTS = YES;
				CLANG_WARN_EMPTY_BODY = YES;
				CLANG_WARN_ENUM_CONVERSION = YES;
				CLANG_WARN_INFINITE_RECURSION = YES;
				CLANG_WARN_INT_CONVERSION = YES;
				CLANG_WARN_NON_LITERAL_NULL_CONVERSION = YES;
				CLANG_WARN_OBJC_IMPLICIT_RETAIN_SELF = YES;
				CLANG_WARN_OBJC_LITERAL_CONVERSION = YES;
				CLANG_WARN_OBJC_ROOT_CLASS = YES_ERROR;
				CLANG_WARN_QUOTED_INCLUDE_IN_FRAMEWORK_HEADER = YES;
				CLANG_WARN_RANGE_LOOP_ANALYSIS = YES;
				CLANG_WARN_STRICT_PROTOTYPES = YES;
				CLANG_WARN_SUSPICIOUS_MOVE = YES;
				CLANG_WARN_UNGUARDED_AVAILABILITY = YES_AGGRESSIVE;
				CLANG_WARN_UNREACHABLE_CODE = YES;
				CLANG_WARN__DUPLICATE_METHOD_MATCH = YES;
				COPY_PHASE_STRIP = NO;
				DEBUG_INFORMATION_FORMAT = "dwarf-with-dsym";
				ENABLE_NS_ASSERTIONS = NO;
				ENABLE_STRICT_OBJC_MSGSEND = YES;
				GCC_C_LANGUAGE_STANDARD = gnu11;
				GCC_NO_COMMON_BLOCKS = YES;
				GCC_WARN_64_TO_32_BIT_CONVERSION = YES;
				GCC_WARN_ABOUT_RETURN_TYPE = YES_ERROR;
				GCC_WARN_UNDECLARED_SELECTOR = YES;
				GCC_WARN_UNINITIALIZED_AUTOS = YES_AGGRESSIVE;
				GCC_WARN_UNUSED_FUNCTION = YES;
				GCC_WARN_UNUSED_VARIABLE = YES;
				IPHONEOS_DEPLOYMENT_TARGET = 15.5;
				MTL_ENABLE_DEBUG_INFO = NO;
				MTL_FAST_MATH = YES;
				SDKROOT = iphoneos;
				SWIFT_COMPILATION_MODE = wholemodule;
				SWIFT_OPTIMIZATION_LEVEL = "-O";
				VALIDATE_PRODUCT = YES;
			};
			name = Release;
		};
		D0AB513528C76CD800EB6D2B /* Debug */ = {
			isa = XCBuildConfiguration;
			buildSettings = {
				ASSETCATALOG_COMPILER_APPICON_NAME = AppIcon;
				ASSETCATALOG_COMPILER_GLOBAL_ACCENT_COLOR_NAME = AccentColor;
				CODE_SIGN_STYLE = Automatic;
				CURRENT_PROJECT_VERSION = 1;
				DEVELOPMENT_TEAM = PW2RLJT734;
				GENERATE_INFOPLIST_FILE = YES;
				INFOPLIST_FILE = TripCard/Info.plist;
				INFOPLIST_KEY_CFBundleDisplayName = TripCard;
				INFOPLIST_KEY_UIApplicationSupportsIndirectInputEvents = YES;
				INFOPLIST_KEY_UILaunchStoryboardName = LaunchScreen;
				INFOPLIST_KEY_UISupportedInterfaceOrientations = UIInterfaceOrientationPortrait;
				INFOPLIST_KEY_UISupportedInterfaceOrientations_iPad = UIInterfaceOrientationPortrait;
				INFOPLIST_KEY_UIUserInterfaceStyle = Light;
				IPHONEOS_DEPLOYMENT_TARGET = 15.0;
				LD_RUNPATH_SEARCH_PATHS = (
					"$(inherited)",
					"@executable_path/Frameworks",
				);
				MARKETING_VERSION = 1.0;
				PRODUCT_BUNDLE_IDENTIFIER = com.DongHee.TripCard;
				PRODUCT_NAME = "$(TARGET_NAME)";
				SWIFT_EMIT_LOC_STRINGS = YES;
				SWIFT_VERSION = 5.0;
				TARGETED_DEVICE_FAMILY = 1;
			};
			name = Debug;
		};
		D0AB513628C76CD800EB6D2B /* Release */ = {
			isa = XCBuildConfiguration;
			buildSettings = {
				ASSETCATALOG_COMPILER_APPICON_NAME = AppIcon;
				ASSETCATALOG_COMPILER_GLOBAL_ACCENT_COLOR_NAME = AccentColor;
				CODE_SIGN_STYLE = Automatic;
				CURRENT_PROJECT_VERSION = 1;
				DEVELOPMENT_TEAM = PW2RLJT734;
				GENERATE_INFOPLIST_FILE = YES;
				INFOPLIST_FILE = TripCard/Info.plist;
				INFOPLIST_KEY_CFBundleDisplayName = TripCard;
				INFOPLIST_KEY_UIApplicationSupportsIndirectInputEvents = YES;
				INFOPLIST_KEY_UILaunchStoryboardName = LaunchScreen;
				INFOPLIST_KEY_UISupportedInterfaceOrientations = UIInterfaceOrientationPortrait;
				INFOPLIST_KEY_UISupportedInterfaceOrientations_iPad = UIInterfaceOrientationPortrait;
				INFOPLIST_KEY_UIUserInterfaceStyle = Light;
				IPHONEOS_DEPLOYMENT_TARGET = 15.0;
				LD_RUNPATH_SEARCH_PATHS = (
					"$(inherited)",
					"@executable_path/Frameworks",
				);
				MARKETING_VERSION = 1.0;
				PRODUCT_BUNDLE_IDENTIFIER = com.DongHee.TripCard;
				PRODUCT_NAME = "$(TARGET_NAME)";
				SWIFT_EMIT_LOC_STRINGS = YES;
				SWIFT_VERSION = 5.0;
				TARGETED_DEVICE_FAMILY = 1;
			};
			name = Release;
		};
/* End XCBuildConfiguration section */

/* Begin XCConfigurationList section */
		D0AB511B28C76CD800EB6D2B /* Build configuration list for PBXProject "TripCard" */ = {
			isa = XCConfigurationList;
			buildConfigurations = (
				D0AB513228C76CD800EB6D2B /* Debug */,
				D0AB513328C76CD800EB6D2B /* Release */,
			);
			defaultConfigurationIsVisible = 0;
			defaultConfigurationName = Release;
		};
		D0AB513428C76CD800EB6D2B /* Build configuration list for PBXNativeTarget "TripCard" */ = {
			isa = XCConfigurationList;
			buildConfigurations = (
				D0AB513528C76CD800EB6D2B /* Debug */,
				D0AB513628C76CD800EB6D2B /* Release */,
			);
			defaultConfigurationIsVisible = 0;
			defaultConfigurationName = Release;
		};
/* End XCConfigurationList section */

/* Begin XCRemoteSwiftPackageReference section */
		D00BE9FD28D09094000AE09D /* XCRemoteSwiftPackageReference "Tabman" */ = {
			isa = XCRemoteSwiftPackageReference;
			repositoryURL = "https://github.com/uias/Tabman.git";
			requirement = {
				kind = upToNextMajorVersion;
				minimumVersion = 2.0.0;
			};
		};
		D0201A4E28D184EE0038A9B6 /* XCRemoteSwiftPackageReference "TOCropViewController" */ = {
			isa = XCRemoteSwiftPackageReference;
			repositoryURL = "https://github.com/TimOliver/TOCropViewController.git";
			requirement = {
				kind = upToNextMajorVersion;
				minimumVersion = 2.0.0;
			};
		};
		D026637828DCBBC300A86196 /* XCRemoteSwiftPackageReference "JGProgressHUD" */ = {
			isa = XCRemoteSwiftPackageReference;
			repositoryURL = "https://github.com/JonasGessner/JGProgressHUD.git";
			requirement = {
				kind = upToNextMajorVersion;
				minimumVersion = 2.0.0;
			};
		};
		D031752C28CB285C00C7A91C /* XCRemoteSwiftPackageReference "SnapKit" */ = {
			isa = XCRemoteSwiftPackageReference;
			repositoryURL = "https://github.com/SnapKit/SnapKit.git";
			requirement = {
				kind = upToNextMajorVersion;
				minimumVersion = 5.0.0;
			};
		};
		D031752F28CB28F000C7A91C /* XCRemoteSwiftPackageReference "Then" */ = {
			isa = XCRemoteSwiftPackageReference;
			repositoryURL = "https://github.com/devxoul/Then.git";
			requirement = {
				kind = upToNextMajorVersion;
				minimumVersion = 3.0.0;
			};
		};
		D037FABD28E3DC72001F6A43 /* XCRemoteSwiftPackageReference "realm-swift" */ = {
			isa = XCRemoteSwiftPackageReference;
			repositoryURL = "https://github.com/realm/realm-swift.git";
			requirement = {
				kind = upToNextMajorVersion;
				minimumVersion = 10.30.0;
			};
		};
		D041A29128E2CE1B0038C853 /* XCRemoteSwiftPackageReference "AcknowList" */ = {
			isa = XCRemoteSwiftPackageReference;
			repositoryURL = "https://github.com/vtourraine/AcknowList.git";
			requirement = {
				kind = upToNextMajorVersion;
				minimumVersion = 3.0.0;
			};
		};
		D04A961228D0648F0073EC38 /* XCRemoteSwiftPackageReference "TextFieldEffects" */ = {
			isa = XCRemoteSwiftPackageReference;
			repositoryURL = "https://github.com/raulriera/TextFieldEffects.git";
			requirement = {
				kind = upToNextMajorVersion;
				minimumVersion = 1.0.0;
			};
		};
		D0A666BB28D085000042C9C7 /* XCRemoteSwiftPackageReference "IQKeyboardManager" */ = {
			isa = XCRemoteSwiftPackageReference;
			repositoryURL = "https://github.com/hackiftekhar/IQKeyboardManager.git";
			requirement = {
				branch = master;
				kind = branch;
			};
		};
		D0B210D428DE9CF20041092B /* XCRemoteSwiftPackageReference "FSPagerView" */ = {
			isa = XCRemoteSwiftPackageReference;
			repositoryURL = "https://github.com/WenchaoD/FSPagerView.git";
			requirement = {
				branch = master;
				kind = branch;
			};
		};
		D0BBA54D28D3115A007D0916 /* XCRemoteSwiftPackageReference "FSCalendar" */ = {
			isa = XCRemoteSwiftPackageReference;
			repositoryURL = "https://github.com/WenchaoD/FSCalendar.git";
			requirement = {
				kind = upToNextMajorVersion;
				minimumVersion = 2.0.0;
			};
		};
		D0C91E2B28DB010E0045D587 /* XCRemoteSwiftPackageReference "Zip" */ = {
			isa = XCRemoteSwiftPackageReference;
			repositoryURL = "https://github.com/marmelroy/Zip.git";
			requirement = {
				kind = upToNextMajorVersion;
				minimumVersion = 2.0.0;
			};
		};
/* End XCRemoteSwiftPackageReference section */

/* Begin XCSwiftPackageProductDependency section */
		D00BE9FE28D09094000AE09D /* Tabman */ = {
			isa = XCSwiftPackageProductDependency;
			package = D00BE9FD28D09094000AE09D /* XCRemoteSwiftPackageReference "Tabman" */;
			productName = Tabman;
		};
		D0201A4F28D184EE0038A9B6 /* CropViewController */ = {
			isa = XCSwiftPackageProductDependency;
			package = D0201A4E28D184EE0038A9B6 /* XCRemoteSwiftPackageReference "TOCropViewController" */;
			productName = CropViewController;
		};
		D0201A5128D184EE0038A9B6 /* TOCropViewController */ = {
			isa = XCSwiftPackageProductDependency;
			package = D0201A4E28D184EE0038A9B6 /* XCRemoteSwiftPackageReference "TOCropViewController" */;
			productName = TOCropViewController;
		};
		D026637928DCBBC300A86196 /* JGProgressHUD */ = {
			isa = XCSwiftPackageProductDependency;
			package = D026637828DCBBC300A86196 /* XCRemoteSwiftPackageReference "JGProgressHUD" */;
			productName = JGProgressHUD;
		};
		D031752D28CB285C00C7A91C /* SnapKit */ = {
			isa = XCSwiftPackageProductDependency;
			package = D031752C28CB285C00C7A91C /* XCRemoteSwiftPackageReference "SnapKit" */;
			productName = SnapKit;
		};
		D031753028CB28F000C7A91C /* Then */ = {
			isa = XCSwiftPackageProductDependency;
			package = D031752F28CB28F000C7A91C /* XCRemoteSwiftPackageReference "Then" */;
			productName = Then;
		};
		D037FABE28E3DC72001F6A43 /* Realm */ = {
			isa = XCSwiftPackageProductDependency;
			package = D037FABD28E3DC72001F6A43 /* XCRemoteSwiftPackageReference "realm-swift" */;
			productName = Realm;
		};
		D037FAC028E3DC72001F6A43 /* RealmSwift */ = {
			isa = XCSwiftPackageProductDependency;
			package = D037FABD28E3DC72001F6A43 /* XCRemoteSwiftPackageReference "realm-swift" */;
			productName = RealmSwift;
		};
		D041A29228E2CE1B0038C853 /* AcknowList */ = {
			isa = XCSwiftPackageProductDependency;
			package = D041A29128E2CE1B0038C853 /* XCRemoteSwiftPackageReference "AcknowList" */;
			productName = AcknowList;
		};
		D04A961328D0648F0073EC38 /* TextFieldEffects */ = {
			isa = XCSwiftPackageProductDependency;
			package = D04A961228D0648F0073EC38 /* XCRemoteSwiftPackageReference "TextFieldEffects" */;
			productName = TextFieldEffects;
		};
		D0A666BC28D085000042C9C7 /* IQKeyboardManagerSwift */ = {
			isa = XCSwiftPackageProductDependency;
			package = D0A666BB28D085000042C9C7 /* XCRemoteSwiftPackageReference "IQKeyboardManager" */;
			productName = IQKeyboardManagerSwift;
		};
		D0B210D528DE9CF20041092B /* FSPagerView */ = {
			isa = XCSwiftPackageProductDependency;
			package = D0B210D428DE9CF20041092B /* XCRemoteSwiftPackageReference "FSPagerView" */;
			productName = FSPagerView;
		};
		D0BBA54E28D3115A007D0916 /* FSCalendar */ = {
			isa = XCSwiftPackageProductDependency;
			package = D0BBA54D28D3115A007D0916 /* XCRemoteSwiftPackageReference "FSCalendar" */;
			productName = FSCalendar;
		};
		D0C91E2C28DB010E0045D587 /* Zip */ = {
			isa = XCSwiftPackageProductDependency;
			package = D0C91E2B28DB010E0045D587 /* XCRemoteSwiftPackageReference "Zip" */;
			productName = Zip;
		};
/* End XCSwiftPackageProductDependency section */
	};
	rootObject = D0AB511828C76CD800EB6D2B /* Project object */;
}
