// !$*UTF8*$!
{
	archiveVersion = 1;
	classes = {
	};
	objectVersion = 55;
	objects = {

/* Begin PBXBuildFile section */
		D02099E228C79A4F00FD25DF /* 강원교육모두 Light.otf in Resources */ = {isa = PBXBuildFile; fileRef = D02099E128C79A4F00FD25DF /* 강원교육모두 Light.otf */; };
		D02099E428C79A5A00FD25DF /* KyoboHandwriting2020pdy.otf in Resources */ = {isa = PBXBuildFile; fileRef = D02099E328C79A5A00FD25DF /* KyoboHandwriting2020pdy.otf */; };
		D02099E628C79A6200FD25DF /* LeferiBaseRegular.otf in Resources */ = {isa = PBXBuildFile; fileRef = D02099E528C79A6200FD25DF /* LeferiBaseRegular.otf */; };
		D02099E828C79AFD00FD25DF /* UIFont+Extension.swift in Sources */ = {isa = PBXBuildFile; fileRef = D02099E728C79AFD00FD25DF /* UIFont+Extension.swift */; };
		D02099EE28C79F4500FD25DF /* Localizable.strings in Resources */ = {isa = PBXBuildFile; fileRef = D02099F028C79F4500FD25DF /* Localizable.strings */; };
		D02099F328C79F5800FD25DF /* String+Extension.swift in Sources */ = {isa = PBXBuildFile; fileRef = D02099F228C79F5800FD25DF /* String+Extension.swift */; };
		D02099F628C7A02800FD25DF /* InfoPlist.strings in Resources */ = {isa = PBXBuildFile; fileRef = D02099F828C7A02800FD25DF /* InfoPlist.strings */; };
		D0254FA528CB7CAC0076FCB1 /* Tabman in Frameworks */ = {isa = PBXBuildFile; productRef = D0254FA428CB7CAC0076FCB1 /* Tabman */; };
		D0254FA928CB7D5E0076FCB1 /* DomesticListViewController.swift in Sources */ = {isa = PBXBuildFile; fileRef = D0254FA828CB7D5E0076FCB1 /* DomesticListViewController.swift */; };
		D0254FAB28CB7D800076FCB1 /* OverseasListViewController.swift in Sources */ = {isa = PBXBuildFile; fileRef = D0254FAA28CB7D800076FCB1 /* OverseasListViewController.swift */; };
		D0254FAF28CB831A0076FCB1 /* BaseCollectionViewCell.swift in Sources */ = {isa = PBXBuildFile; fileRef = D0254FAE28CB831A0076FCB1 /* BaseCollectionViewCell.swift */; };
		D0254FB328CB86620076FCB1 /* CardListView.swift in Sources */ = {isa = PBXBuildFile; fileRef = D0254FB228CB86620076FCB1 /* CardListView.swift */; };
		D0254FB628CB89590076FCB1 /* UICollectionViewLayout+Extension.swift in Sources */ = {isa = PBXBuildFile; fileRef = D0254FB528CB89590076FCB1 /* UICollectionViewLayout+Extension.swift */; };
		D031752B28CB246D00C7A91C /* CardCell.swift in Sources */ = {isa = PBXBuildFile; fileRef = D031752A28CB246D00C7A91C /* CardCell.swift */; };
		D031752E28CB285C00C7A91C /* SnapKit in Frameworks */ = {isa = PBXBuildFile; productRef = D031752D28CB285C00C7A91C /* SnapKit */; };
		D031753128CB28F000C7A91C /* Then in Frameworks */ = {isa = PBXBuildFile; productRef = D031753028CB28F000C7A91C /* Then */; };
		D031753328CB2F2B00C7A91C /* UIImage+Extension.swift in Sources */ = {isa = PBXBuildFile; fileRef = D031753228CB2F2B00C7A91C /* UIImage+Extension.swift */; };
		D04A960F28D0611B0073EC38 /* WriteViewController.swift in Sources */ = {isa = PBXBuildFile; fileRef = D04A960E28D0611B0073EC38 /* WriteViewController.swift */; };
		D04A961128D0613E0073EC38 /* WriteView.swift in Sources */ = {isa = PBXBuildFile; fileRef = D04A961028D0613E0073EC38 /* WriteView.swift */; };
		D04A961428D0648F0073EC38 /* TextFieldEffects in Frameworks */ = {isa = PBXBuildFile; productRef = D04A961328D0648F0073EC38 /* TextFieldEffects */; };
		D091EECB28CEE83000BEDC80 /* Realm in Frameworks */ = {isa = PBXBuildFile; productRef = D091EECA28CEE83000BEDC80 /* Realm */; };
		D091EECD28CEE83000BEDC80 /* RealmSwift in Frameworks */ = {isa = PBXBuildFile; productRef = D091EECC28CEE83000BEDC80 /* RealmSwift */; };
		D091EED028CEFC3C00BEDC80 /* TabBarViewController.swift in Sources */ = {isa = PBXBuildFile; fileRef = D091EECF28CEFC3C00BEDC80 /* TabBarViewController.swift */; };
		D091EED228CF0E8600BEDC80 /* Trip.swift in Sources */ = {isa = PBXBuildFile; fileRef = D091EED128CF0E8600BEDC80 /* Trip.swift */; };
		D091EED428CF138800BEDC80 /* Date+Extension.swift in Sources */ = {isa = PBXBuildFile; fileRef = D091EED328CF138800BEDC80 /* Date+Extension.swift */; };
		D0A666BA28D0815F0042C9C7 /* MainTextField.swift in Sources */ = {isa = PBXBuildFile; fileRef = D0A666B928D0815F0042C9C7 /* MainTextField.swift */; };
		D0A666BD28D085000042C9C7 /* IQKeyboardManagerSwift in Frameworks */ = {isa = PBXBuildFile; productRef = D0A666BC28D085000042C9C7 /* IQKeyboardManagerSwift */; };
		D0AB512428C76CD800EB6D2B /* AppDelegate.swift in Sources */ = {isa = PBXBuildFile; fileRef = D0AB512328C76CD800EB6D2B /* AppDelegate.swift */; };
		D0AB512628C76CD800EB6D2B /* SceneDelegate.swift in Sources */ = {isa = PBXBuildFile; fileRef = D0AB512528C76CD800EB6D2B /* SceneDelegate.swift */; };
		D0AB512D28C76CD800EB6D2B /* Assets.xcassets in Resources */ = {isa = PBXBuildFile; fileRef = D0AB512C28C76CD800EB6D2B /* Assets.xcassets */; };
		D0AB513028C76CD800EB6D2B /* LaunchScreen.storyboard in Resources */ = {isa = PBXBuildFile; fileRef = D0AB512E28C76CD800EB6D2B /* LaunchScreen.storyboard */; };
		D0AB513E28C76D9800EB6D2B /* MainViewController.swift in Sources */ = {isa = PBXBuildFile; fileRef = D0AB513D28C76D9800EB6D2B /* MainViewController.swift */; };
		D0AB514128C76E2C00EB6D2B /* BaseViewController.swift in Sources */ = {isa = PBXBuildFile; fileRef = D0AB514028C76E2C00EB6D2B /* BaseViewController.swift */; };
		D0AB514328C76E6400EB6D2B /* BaseView.swift in Sources */ = {isa = PBXBuildFile; fileRef = D0AB514228C76E6400EB6D2B /* BaseView.swift */; };
		D0AB514528C76E8D00EB6D2B /* ReusableProtocol.swift in Sources */ = {isa = PBXBuildFile; fileRef = D0AB514428C76E8D00EB6D2B /* ReusableProtocol.swift */; };
		D0AB514728C7700D00EB6D2B /* UIViewController+Extension.swift in Sources */ = {isa = PBXBuildFile; fileRef = D0AB514628C7700D00EB6D2B /* UIViewController+Extension.swift */; };
		D0AB514B28C7726200EB6D2B /* UserDefaultManager.swift in Sources */ = {isa = PBXBuildFile; fileRef = D0AB514A28C7726200EB6D2B /* UserDefaultManager.swift */; };
		D0AB514D28C7758300EB6D2B /* UIColor+Extension.swift in Sources */ = {isa = PBXBuildFile; fileRef = D0AB514C28C7758300EB6D2B /* UIColor+Extension.swift */; };
		D0AB515028C776C700EB6D2B /* ColorManager.swift in Sources */ = {isa = PBXBuildFile; fileRef = D0AB514F28C776C700EB6D2B /* ColorManager.swift */; };
		D0CDCD8228D00C7E00F6AD8C /* TripDataRepository.swift in Sources */ = {isa = PBXBuildFile; fileRef = D0CDCD8128D00C7E00F6AD8C /* TripDataRepository.swift */; };
		D0CDCD8428D00D5000F6AD8C /* DocumentManager.swift in Sources */ = {isa = PBXBuildFile; fileRef = D0CDCD8328D00D5000F6AD8C /* DocumentManager.swift */; };
/* End PBXBuildFile section */

/* Begin PBXFileReference section */
		D02099E128C79A4F00FD25DF /* 강원교육모두 Light.otf */ = {isa = PBXFileReference; lastKnownFileType = file; path = "강원교육모두 Light.otf"; sourceTree = "<group>"; };
		D02099E328C79A5A00FD25DF /* KyoboHandwriting2020pdy.otf */ = {isa = PBXFileReference; lastKnownFileType = file; path = KyoboHandwriting2020pdy.otf; sourceTree = "<group>"; };
		D02099E528C79A6200FD25DF /* LeferiBaseRegular.otf */ = {isa = PBXFileReference; lastKnownFileType = file; path = LeferiBaseRegular.otf; sourceTree = "<group>"; };
		D02099E728C79AFD00FD25DF /* UIFont+Extension.swift */ = {isa = PBXFileReference; lastKnownFileType = sourcecode.swift; path = "UIFont+Extension.swift"; sourceTree = "<group>"; };
		D02099EB28C79F2100FD25DF /* ko */ = {isa = PBXFileReference; lastKnownFileType = text.plist.strings; name = ko; path = ko.lproj/LaunchScreen.strings; sourceTree = "<group>"; };
		D02099EF28C79F4500FD25DF /* en */ = {isa = PBXFileReference; lastKnownFileType = text.plist.strings; name = en; path = en.lproj/Localizable.strings; sourceTree = "<group>"; };
		D02099F128C79F4700FD25DF /* ko */ = {isa = PBXFileReference; lastKnownFileType = text.plist.strings; name = ko; path = ko.lproj/Localizable.strings; sourceTree = "<group>"; };
		D02099F228C79F5800FD25DF /* String+Extension.swift */ = {isa = PBXFileReference; lastKnownFileType = sourcecode.swift; path = "String+Extension.swift"; sourceTree = "<group>"; };
		D02099F728C7A02800FD25DF /* en */ = {isa = PBXFileReference; lastKnownFileType = text.plist.strings; name = en; path = en.lproj/InfoPlist.strings; sourceTree = "<group>"; };
		D02099F928C7A02B00FD25DF /* ko */ = {isa = PBXFileReference; lastKnownFileType = text.plist.strings; name = ko; path = ko.lproj/InfoPlist.strings; sourceTree = "<group>"; };
		D0254FA828CB7D5E0076FCB1 /* DomesticListViewController.swift */ = {isa = PBXFileReference; lastKnownFileType = sourcecode.swift; path = DomesticListViewController.swift; sourceTree = "<group>"; };
		D0254FAA28CB7D800076FCB1 /* OverseasListViewController.swift */ = {isa = PBXFileReference; lastKnownFileType = sourcecode.swift; path = OverseasListViewController.swift; sourceTree = "<group>"; };
		D0254FAE28CB831A0076FCB1 /* BaseCollectionViewCell.swift */ = {isa = PBXFileReference; lastKnownFileType = sourcecode.swift; path = BaseCollectionViewCell.swift; sourceTree = "<group>"; };
		D0254FB228CB86620076FCB1 /* CardListView.swift */ = {isa = PBXFileReference; lastKnownFileType = sourcecode.swift; path = CardListView.swift; sourceTree = "<group>"; };
		D0254FB528CB89590076FCB1 /* UICollectionViewLayout+Extension.swift */ = {isa = PBXFileReference; lastKnownFileType = sourcecode.swift; path = "UICollectionViewLayout+Extension.swift"; sourceTree = "<group>"; };
		D031752A28CB246D00C7A91C /* CardCell.swift */ = {isa = PBXFileReference; lastKnownFileType = sourcecode.swift; path = CardCell.swift; sourceTree = "<group>"; };
		D031753228CB2F2B00C7A91C /* UIImage+Extension.swift */ = {isa = PBXFileReference; lastKnownFileType = sourcecode.swift; path = "UIImage+Extension.swift"; sourceTree = "<group>"; };
		D04A960E28D0611B0073EC38 /* WriteViewController.swift */ = {isa = PBXFileReference; lastKnownFileType = sourcecode.swift; path = WriteViewController.swift; sourceTree = "<group>"; };
		D04A961028D0613E0073EC38 /* WriteView.swift */ = {isa = PBXFileReference; lastKnownFileType = sourcecode.swift; path = WriteView.swift; sourceTree = "<group>"; };
		D091EECF28CEFC3C00BEDC80 /* TabBarViewController.swift */ = {isa = PBXFileReference; lastKnownFileType = sourcecode.swift; path = TabBarViewController.swift; sourceTree = "<group>"; };
		D091EED128CF0E8600BEDC80 /* Trip.swift */ = {isa = PBXFileReference; lastKnownFileType = sourcecode.swift; path = Trip.swift; sourceTree = "<group>"; };
		D091EED328CF138800BEDC80 /* Date+Extension.swift */ = {isa = PBXFileReference; lastKnownFileType = sourcecode.swift; path = "Date+Extension.swift"; sourceTree = "<group>"; };
		D0A666B928D0815F0042C9C7 /* MainTextField.swift */ = {isa = PBXFileReference; lastKnownFileType = sourcecode.swift; path = MainTextField.swift; sourceTree = "<group>"; };
		D0AB512028C76CD800EB6D2B /* TripCard.app */ = {isa = PBXFileReference; explicitFileType = wrapper.application; includeInIndex = 0; path = TripCard.app; sourceTree = BUILT_PRODUCTS_DIR; };
		D0AB512328C76CD800EB6D2B /* AppDelegate.swift */ = {isa = PBXFileReference; lastKnownFileType = sourcecode.swift; path = AppDelegate.swift; sourceTree = "<group>"; };
		D0AB512528C76CD800EB6D2B /* SceneDelegate.swift */ = {isa = PBXFileReference; lastKnownFileType = sourcecode.swift; path = SceneDelegate.swift; sourceTree = "<group>"; };
		D0AB512C28C76CD800EB6D2B /* Assets.xcassets */ = {isa = PBXFileReference; lastKnownFileType = folder.assetcatalog; path = Assets.xcassets; sourceTree = "<group>"; };
		D0AB512F28C76CD800EB6D2B /* Base */ = {isa = PBXFileReference; lastKnownFileType = file.storyboard; name = Base; path = Base.lproj/LaunchScreen.storyboard; sourceTree = "<group>"; };
		D0AB513128C76CD800EB6D2B /* Info.plist */ = {isa = PBXFileReference; lastKnownFileType = text.plist.xml; path = Info.plist; sourceTree = "<group>"; };
		D0AB513D28C76D9800EB6D2B /* MainViewController.swift */ = {isa = PBXFileReference; lastKnownFileType = sourcecode.swift; path = MainViewController.swift; sourceTree = "<group>"; };
		D0AB514028C76E2C00EB6D2B /* BaseViewController.swift */ = {isa = PBXFileReference; lastKnownFileType = sourcecode.swift; path = BaseViewController.swift; sourceTree = "<group>"; };
		D0AB514228C76E6400EB6D2B /* BaseView.swift */ = {isa = PBXFileReference; lastKnownFileType = sourcecode.swift; path = BaseView.swift; sourceTree = "<group>"; };
		D0AB514428C76E8D00EB6D2B /* ReusableProtocol.swift */ = {isa = PBXFileReference; lastKnownFileType = sourcecode.swift; path = ReusableProtocol.swift; sourceTree = "<group>"; };
		D0AB514628C7700D00EB6D2B /* UIViewController+Extension.swift */ = {isa = PBXFileReference; lastKnownFileType = sourcecode.swift; path = "UIViewController+Extension.swift"; sourceTree = "<group>"; };
		D0AB514A28C7726200EB6D2B /* UserDefaultManager.swift */ = {isa = PBXFileReference; lastKnownFileType = sourcecode.swift; path = UserDefaultManager.swift; sourceTree = "<group>"; };
		D0AB514C28C7758300EB6D2B /* UIColor+Extension.swift */ = {isa = PBXFileReference; lastKnownFileType = sourcecode.swift; path = "UIColor+Extension.swift"; sourceTree = "<group>"; };
		D0AB514F28C776C700EB6D2B /* ColorManager.swift */ = {isa = PBXFileReference; lastKnownFileType = sourcecode.swift; path = ColorManager.swift; sourceTree = "<group>"; };
		D0CDCD8128D00C7E00F6AD8C /* TripDataRepository.swift */ = {isa = PBXFileReference; lastKnownFileType = sourcecode.swift; path = TripDataRepository.swift; sourceTree = "<group>"; };
		D0CDCD8328D00D5000F6AD8C /* DocumentManager.swift */ = {isa = PBXFileReference; lastKnownFileType = sourcecode.swift; path = DocumentManager.swift; sourceTree = "<group>"; };
/* End PBXFileReference section */

/* Begin PBXFrameworksBuildPhase section */
		D0AB511D28C76CD800EB6D2B /* Frameworks */ = {
			isa = PBXFrameworksBuildPhase;
			buildActionMask = 2147483647;
			files = (
				D0A666BD28D085000042C9C7 /* IQKeyboardManagerSwift in Frameworks */,
				D031752E28CB285C00C7A91C /* SnapKit in Frameworks */,
				D031753128CB28F000C7A91C /* Then in Frameworks */,
				D091EECB28CEE83000BEDC80 /* Realm in Frameworks */,
				D04A961428D0648F0073EC38 /* TextFieldEffects in Frameworks */,
				D091EECD28CEE83000BEDC80 /* RealmSwift in Frameworks */,
				D0254FA528CB7CAC0076FCB1 /* Tabman in Frameworks */,
			);
			runOnlyForDeploymentPostprocessing = 0;
		};
/* End PBXFrameworksBuildPhase section */

/* Begin PBXGroup section */
		D02099E028C79A2600FD25DF /* CustomFont */ = {
			isa = PBXGroup;
			children = (
				D02099E128C79A4F00FD25DF /* 강원교육모두 Light.otf */,
				D02099E328C79A5A00FD25DF /* KyoboHandwriting2020pdy.otf */,
				D02099E528C79A6200FD25DF /* LeferiBaseRegular.otf */,
			);
			path = CustomFont;
			sourceTree = "<group>";
		};
		D02099EA28C79EF600FD25DF /* Localization */ = {
			isa = PBXGroup;
			children = (
				D02099F028C79F4500FD25DF /* Localizable.strings */,
				D02099F828C7A02800FD25DF /* InfoPlist.strings */,
			);
			path = Localization;
			sourceTree = "<group>";
		};
		D0254FA628CB7CFB0076FCB1 /* DomesticListView */ = {
			isa = PBXGroup;
			children = (
				D0254FA828CB7D5E0076FCB1 /* DomesticListViewController.swift */,
			);
			path = DomesticListView;
			sourceTree = "<group>";
		};
		D0254FA728CB7D2E0076FCB1 /* OverseasListView */ = {
			isa = PBXGroup;
			children = (
				D0254FAA28CB7D800076FCB1 /* OverseasListViewController.swift */,
			);
			path = OverseasListView;
			sourceTree = "<group>";
		};
		D031752928CB245000C7A91C /* ReusableView */ = {
			isa = PBXGroup;
			children = (
				D031752A28CB246D00C7A91C /* CardCell.swift */,
				D0254FB228CB86620076FCB1 /* CardListView.swift */,
				D04A961028D0613E0073EC38 /* WriteView.swift */,
			);
			path = ReusableView;
			sourceTree = "<group>";
		};
		D04A960D28D060810073EC38 /* WriteView */ = {
			isa = PBXGroup;
			children = (
				D04A960E28D0611B0073EC38 /* WriteViewController.swift */,
			);
			path = WriteView;
			sourceTree = "<group>";
		};
		D04A961528D080B50073EC38 /* CustomClass */ = {
			isa = PBXGroup;
			children = (
				D0A666B928D0815F0042C9C7 /* MainTextField.swift */,
			);
			path = CustomClass;
			sourceTree = "<group>";
		};
		D091EECE28CEE86C00BEDC80 /* Database */ = {
			isa = PBXGroup;
			children = (
				D091EED128CF0E8600BEDC80 /* Trip.swift */,
				D0CDCD8128D00C7E00F6AD8C /* TripDataRepository.swift */,
				D0CDCD8328D00D5000F6AD8C /* DocumentManager.swift */,
			);
			path = Database;
			sourceTree = "<group>";
		};
		D0AB511728C76CD800EB6D2B = {
			isa = PBXGroup;
			children = (
				D0AB512228C76CD800EB6D2B /* TripCard */,
				D0AB512128C76CD800EB6D2B /* Products */,
			);
			sourceTree = "<group>";
		};
		D0AB512128C76CD800EB6D2B /* Products */ = {
			isa = PBXGroup;
			children = (
				D0AB512028C76CD800EB6D2B /* TripCard.app */,
			);
			name = Products;
			sourceTree = "<group>";
		};
		D0AB512228C76CD800EB6D2B /* TripCard */ = {
			isa = PBXGroup;
			children = (
				D0AB513728C76CE700EB6D2B /* App */,
				D0AB513828C76D1C00EB6D2B /* Utility */,
				D0AB514828C7720E00EB6D2B /* Manager */,
				D091EECE28CEE86C00BEDC80 /* Database */,
				D0AB513928C76D2C00EB6D2B /* View */,
				D0AB512C28C76CD800EB6D2B /* Assets.xcassets */,
				D0AB512E28C76CD800EB6D2B /* LaunchScreen.storyboard */,
				D0AB513128C76CD800EB6D2B /* Info.plist */,
			);
			path = TripCard;
			sourceTree = "<group>";
		};
		D0AB513728C76CE700EB6D2B /* App */ = {
			isa = PBXGroup;
			children = (
				D0AB512328C76CD800EB6D2B /* AppDelegate.swift */,
				D0AB512528C76CD800EB6D2B /* SceneDelegate.swift */,
			);
			path = App;
			sourceTree = "<group>";
		};
		D0AB513828C76D1C00EB6D2B /* Utility */ = {
			isa = PBXGroup;
			children = (
				D0AB513C28C76D6200EB6D2B /* Base */,
				D0AB513B28C76D5B00EB6D2B /* Protocol */,
				D0AB513A28C76D3900EB6D2B /* Extension */,
				D02099E028C79A2600FD25DF /* CustomFont */,
				D04A961528D080B50073EC38 /* CustomClass */,
				D02099EA28C79EF600FD25DF /* Localization */,
			);
			path = Utility;
			sourceTree = "<group>";
		};
		D0AB513928C76D2C00EB6D2B /* View */ = {
			isa = PBXGroup;
			children = (
				D091EECF28CEFC3C00BEDC80 /* TabBarViewController.swift */,
				D031752928CB245000C7A91C /* ReusableView */,
				D0AB513F28C76DA000EB6D2B /* MainScene */,
				D04A960D28D060810073EC38 /* WriteView */,
			);
			path = View;
			sourceTree = "<group>";
		};
		D0AB513A28C76D3900EB6D2B /* Extension */ = {
			isa = PBXGroup;
			children = (
				D0AB514628C7700D00EB6D2B /* UIViewController+Extension.swift */,
				D0AB514C28C7758300EB6D2B /* UIColor+Extension.swift */,
				D02099E728C79AFD00FD25DF /* UIFont+Extension.swift */,
				D02099F228C79F5800FD25DF /* String+Extension.swift */,
				D031753228CB2F2B00C7A91C /* UIImage+Extension.swift */,
				D0254FB528CB89590076FCB1 /* UICollectionViewLayout+Extension.swift */,
				D091EED328CF138800BEDC80 /* Date+Extension.swift */,
			);
			path = Extension;
			sourceTree = "<group>";
		};
		D0AB513B28C76D5B00EB6D2B /* Protocol */ = {
			isa = PBXGroup;
			children = (
				D0AB514428C76E8D00EB6D2B /* ReusableProtocol.swift */,
			);
			path = Protocol;
			sourceTree = "<group>";
		};
		D0AB513C28C76D6200EB6D2B /* Base */ = {
			isa = PBXGroup;
			children = (
				D0AB514028C76E2C00EB6D2B /* BaseViewController.swift */,
				D0AB514228C76E6400EB6D2B /* BaseView.swift */,
				D0254FAE28CB831A0076FCB1 /* BaseCollectionViewCell.swift */,
			);
			path = Base;
			sourceTree = "<group>";
		};
		D0AB513F28C76DA000EB6D2B /* MainScene */ = {
			isa = PBXGroup;
			children = (
				D0AB513D28C76D9800EB6D2B /* MainViewController.swift */,
				D0254FA628CB7CFB0076FCB1 /* DomesticListView */,
				D0254FA728CB7D2E0076FCB1 /* OverseasListView */,
			);
			path = MainScene;
			sourceTree = "<group>";
		};
		D0AB514828C7720E00EB6D2B /* Manager */ = {
			isa = PBXGroup;
			children = (
				D0AB514F28C776C700EB6D2B /* ColorManager.swift */,
				D0AB514A28C7726200EB6D2B /* UserDefaultManager.swift */,
			);
			path = Manager;
			sourceTree = "<group>";
		};
/* End PBXGroup section */

/* Begin PBXNativeTarget section */
		D0AB511F28C76CD800EB6D2B /* TripCard */ = {
			isa = PBXNativeTarget;
			buildConfigurationList = D0AB513428C76CD800EB6D2B /* Build configuration list for PBXNativeTarget "TripCard" */;
			buildPhases = (
				D0AB511C28C76CD800EB6D2B /* Sources */,
				D0AB511D28C76CD800EB6D2B /* Frameworks */,
				D0AB511E28C76CD800EB6D2B /* Resources */,
			);
			buildRules = (
			);
			dependencies = (
			);
			name = TripCard;
			packageProductDependencies = (
				D031752D28CB285C00C7A91C /* SnapKit */,
				D031753028CB28F000C7A91C /* Then */,
				D0254FA428CB7CAC0076FCB1 /* Tabman */,
				D091EECA28CEE83000BEDC80 /* Realm */,
				D091EECC28CEE83000BEDC80 /* RealmSwift */,
				D04A961328D0648F0073EC38 /* TextFieldEffects */,
				D0A666BC28D085000042C9C7 /* IQKeyboardManagerSwift */,
			);
			productName = TripCard;
			productReference = D0AB512028C76CD800EB6D2B /* TripCard.app */;
			productType = "com.apple.product-type.application";
		};
/* End PBXNativeTarget section */

/* Begin PBXProject section */
		D0AB511828C76CD800EB6D2B /* Project object */ = {
			isa = PBXProject;
			attributes = {
				BuildIndependentTargetsInParallel = 1;
				LastSwiftUpdateCheck = 1340;
				LastUpgradeCheck = 1340;
				TargetAttributes = {
					D0AB511F28C76CD800EB6D2B = {
						CreatedOnToolsVersion = 13.4.1;
					};
				};
			};
			buildConfigurationList = D0AB511B28C76CD800EB6D2B /* Build configuration list for PBXProject "TripCard" */;
			compatibilityVersion = "Xcode 13.0";
			developmentRegion = en;
			hasScannedForEncodings = 0;
			knownRegions = (
				en,
				Base,
				ko,
			);
			mainGroup = D0AB511728C76CD800EB6D2B;
			packageReferences = (
				D031752C28CB285C00C7A91C /* XCRemoteSwiftPackageReference "SnapKit" */,
				D031752F28CB28F000C7A91C /* XCRemoteSwiftPackageReference "Then" */,
				D0254FA328CB7CAC0076FCB1 /* XCRemoteSwiftPackageReference "Tabman" */,
				D091EEC928CEE83000BEDC80 /* XCRemoteSwiftPackageReference "realm-swift" */,
				D04A961228D0648F0073EC38 /* XCRemoteSwiftPackageReference "TextFieldEffects" */,
				D0A666BB28D085000042C9C7 /* XCRemoteSwiftPackageReference "IQKeyboardManager" */,
			);
			productRefGroup = D0AB512128C76CD800EB6D2B /* Products */;
			projectDirPath = "";
			projectRoot = "";
			targets = (
				D0AB511F28C76CD800EB6D2B /* TripCard */,
			);
		};
/* End PBXProject section */

/* Begin PBXResourcesBuildPhase section */
		D0AB511E28C76CD800EB6D2B /* Resources */ = {
			isa = PBXResourcesBuildPhase;
			buildActionMask = 2147483647;
			files = (
				D0AB513028C76CD800EB6D2B /* LaunchScreen.storyboard in Resources */,
				D02099F628C7A02800FD25DF /* InfoPlist.strings in Resources */,
				D02099EE28C79F4500FD25DF /* Localizable.strings in Resources */,
				D0AB512D28C76CD800EB6D2B /* Assets.xcassets in Resources */,
				D02099E428C79A5A00FD25DF /* KyoboHandwriting2020pdy.otf in Resources */,
				D02099E228C79A4F00FD25DF /* 강원교육모두 Light.otf in Resources */,
				D02099E628C79A6200FD25DF /* LeferiBaseRegular.otf in Resources */,
			);
			runOnlyForDeploymentPostprocessing = 0;
		};
/* End PBXResourcesBuildPhase section */

/* Begin PBXSourcesBuildPhase section */
		D0AB511C28C76CD800EB6D2B /* Sources */ = {
			isa = PBXSourcesBuildPhase;
			buildActionMask = 2147483647;
			files = (
				D0AB513E28C76D9800EB6D2B /* MainViewController.swift in Sources */,
				D091EED428CF138800BEDC80 /* Date+Extension.swift in Sources */,
				D031753328CB2F2B00C7A91C /* UIImage+Extension.swift in Sources */,
				D0254FB328CB86620076FCB1 /* CardListView.swift in Sources */,
				D0AB515028C776C700EB6D2B /* ColorManager.swift in Sources */,
				D0AB514128C76E2C00EB6D2B /* BaseViewController.swift in Sources */,
				D0A666BA28D0815F0042C9C7 /* MainTextField.swift in Sources */,
				D0AB514B28C7726200EB6D2B /* UserDefaultManager.swift in Sources */,
				D02099F328C79F5800FD25DF /* String+Extension.swift in Sources */,
				D0254FA928CB7D5E0076FCB1 /* DomesticListViewController.swift in Sources */,
				D0CDCD8228D00C7E00F6AD8C /* TripDataRepository.swift in Sources */,
				D04A961128D0613E0073EC38 /* WriteView.swift in Sources */,
				D0CDCD8428D00D5000F6AD8C /* DocumentManager.swift in Sources */,
				D091EED028CEFC3C00BEDC80 /* TabBarViewController.swift in Sources */,
				D0AB514D28C7758300EB6D2B /* UIColor+Extension.swift in Sources */,
				D0AB514528C76E8D00EB6D2B /* ReusableProtocol.swift in Sources */,
				D031752B28CB246D00C7A91C /* CardCell.swift in Sources */,
				D091EED228CF0E8600BEDC80 /* Trip.swift in Sources */,
				D0254FAF28CB831A0076FCB1 /* BaseCollectionViewCell.swift in Sources */,
				D0254FB628CB89590076FCB1 /* UICollectionViewLayout+Extension.swift in Sources */,
				D04A960F28D0611B0073EC38 /* WriteViewController.swift in Sources */,
				D0AB514328C76E6400EB6D2B /* BaseView.swift in Sources */,
				D0AB514728C7700D00EB6D2B /* UIViewController+Extension.swift in Sources */,
				D0254FAB28CB7D800076FCB1 /* OverseasListViewController.swift in Sources */,
				D0AB512428C76CD800EB6D2B /* AppDelegate.swift in Sources */,
				D0AB512628C76CD800EB6D2B /* SceneDelegate.swift in Sources */,
				D02099E828C79AFD00FD25DF /* UIFont+Extension.swift in Sources */,
			);
			runOnlyForDeploymentPostprocessing = 0;
		};
/* End PBXSourcesBuildPhase section */

/* Begin PBXVariantGroup section */
		D02099F028C79F4500FD25DF /* Localizable.strings */ = {
			isa = PBXVariantGroup;
			children = (
				D02099EF28C79F4500FD25DF /* en */,
				D02099F128C79F4700FD25DF /* ko */,
			);
			name = Localizable.strings;
			sourceTree = "<group>";
		};
		D02099F828C7A02800FD25DF /* InfoPlist.strings */ = {
			isa = PBXVariantGroup;
			children = (
				D02099F728C7A02800FD25DF /* en */,
				D02099F928C7A02B00FD25DF /* ko */,
			);
			name = InfoPlist.strings;
			sourceTree = "<group>";
		};
		D0AB512E28C76CD800EB6D2B /* LaunchScreen.storyboard */ = {
			isa = PBXVariantGroup;
			children = (
				D0AB512F28C76CD800EB6D2B /* Base */,
				D02099EB28C79F2100FD25DF /* ko */,
			);
			name = LaunchScreen.storyboard;
			sourceTree = "<group>";
		};
/* End PBXVariantGroup section */

/* Begin XCBuildConfiguration section */
		D0AB513228C76CD800EB6D2B /* Debug */ = {
			isa = XCBuildConfiguration;
			buildSettings = {
				ALWAYS_SEARCH_USER_PATHS = NO;
				CLANG_ANALYZER_LOCALIZABILITY_NONLOCALIZED = YES;
				CLANG_ANALYZER_NONNULL = YES;
				CLANG_ANALYZER_NUMBER_OBJECT_CONVERSION = YES_AGGRESSIVE;
				CLANG_CXX_LANGUAGE_STANDARD = "gnu++17";
				CLANG_ENABLE_MODULES = YES;
				CLANG_ENABLE_OBJC_ARC = YES;
				CLANG_ENABLE_OBJC_WEAK = YES;
				CLANG_WARN_BLOCK_CAPTURE_AUTORELEASING = YES;
				CLANG_WARN_BOOL_CONVERSION = YES;
				CLANG_WARN_COMMA = YES;
				CLANG_WARN_CONSTANT_CONVERSION = YES;
				CLANG_WARN_DEPRECATED_OBJC_IMPLEMENTATIONS = YES;
				CLANG_WARN_DIRECT_OBJC_ISA_USAGE = YES_ERROR;
				CLANG_WARN_DOCUMENTATION_COMMENTS = YES;
				CLANG_WARN_EMPTY_BODY = YES;
				CLANG_WARN_ENUM_CONVERSION = YES;
				CLANG_WARN_INFINITE_RECURSION = YES;
				CLANG_WARN_INT_CONVERSION = YES;
				CLANG_WARN_NON_LITERAL_NULL_CONVERSION = YES;
				CLANG_WARN_OBJC_IMPLICIT_RETAIN_SELF = YES;
				CLANG_WARN_OBJC_LITERAL_CONVERSION = YES;
				CLANG_WARN_OBJC_ROOT_CLASS = YES_ERROR;
				CLANG_WARN_QUOTED_INCLUDE_IN_FRAMEWORK_HEADER = YES;
				CLANG_WARN_RANGE_LOOP_ANALYSIS = YES;
				CLANG_WARN_STRICT_PROTOTYPES = YES;
				CLANG_WARN_SUSPICIOUS_MOVE = YES;
				CLANG_WARN_UNGUARDED_AVAILABILITY = YES_AGGRESSIVE;
				CLANG_WARN_UNREACHABLE_CODE = YES;
				CLANG_WARN__DUPLICATE_METHOD_MATCH = YES;
				COPY_PHASE_STRIP = NO;
				DEBUG_INFORMATION_FORMAT = dwarf;
				ENABLE_STRICT_OBJC_MSGSEND = YES;
				ENABLE_TESTABILITY = YES;
				GCC_C_LANGUAGE_STANDARD = gnu11;
				GCC_DYNAMIC_NO_PIC = NO;
				GCC_NO_COMMON_BLOCKS = YES;
				GCC_OPTIMIZATION_LEVEL = 0;
				GCC_PREPROCESSOR_DEFINITIONS = (
					"DEBUG=1",
					"$(inherited)",
				);
				GCC_WARN_64_TO_32_BIT_CONVERSION = YES;
				GCC_WARN_ABOUT_RETURN_TYPE = YES_ERROR;
				GCC_WARN_UNDECLARED_SELECTOR = YES;
				GCC_WARN_UNINITIALIZED_AUTOS = YES_AGGRESSIVE;
				GCC_WARN_UNUSED_FUNCTION = YES;
				GCC_WARN_UNUSED_VARIABLE = YES;
				IPHONEOS_DEPLOYMENT_TARGET = 15.5;
				MTL_ENABLE_DEBUG_INFO = INCLUDE_SOURCE;
				MTL_FAST_MATH = YES;
				ONLY_ACTIVE_ARCH = YES;
				SDKROOT = iphoneos;
				SWIFT_ACTIVE_COMPILATION_CONDITIONS = DEBUG;
				SWIFT_OPTIMIZATION_LEVEL = "-Onone";
			};
			name = Debug;
		};
		D0AB513328C76CD800EB6D2B /* Release */ = {
			isa = XCBuildConfiguration;
			buildSettings = {
				ALWAYS_SEARCH_USER_PATHS = NO;
				CLANG_ANALYZER_LOCALIZABILITY_NONLOCALIZED = YES;
				CLANG_ANALYZER_NONNULL = YES;
				CLANG_ANALYZER_NUMBER_OBJECT_CONVERSION = YES_AGGRESSIVE;
				CLANG_CXX_LANGUAGE_STANDARD = "gnu++17";
				CLANG_ENABLE_MODULES = YES;
				CLANG_ENABLE_OBJC_ARC = YES;
				CLANG_ENABLE_OBJC_WEAK = YES;
				CLANG_WARN_BLOCK_CAPTURE_AUTORELEASING = YES;
				CLANG_WARN_BOOL_CONVERSION = YES;
				CLANG_WARN_COMMA = YES;
				CLANG_WARN_CONSTANT_CONVERSION = YES;
				CLANG_WARN_DEPRECATED_OBJC_IMPLEMENTATIONS = YES;
				CLANG_WARN_DIRECT_OBJC_ISA_USAGE = YES_ERROR;
				CLANG_WARN_DOCUMENTATION_COMMENTS = YES;
				CLANG_WARN_EMPTY_BODY = YES;
				CLANG_WARN_ENUM_CONVERSION = YES;
				CLANG_WARN_INFINITE_RECURSION = YES;
				CLANG_WARN_INT_CONVERSION = YES;
				CLANG_WARN_NON_LITERAL_NULL_CONVERSION = YES;
				CLANG_WARN_OBJC_IMPLICIT_RETAIN_SELF = YES;
				CLANG_WARN_OBJC_LITERAL_CONVERSION = YES;
				CLANG_WARN_OBJC_ROOT_CLASS = YES_ERROR;
				CLANG_WARN_QUOTED_INCLUDE_IN_FRAMEWORK_HEADER = YES;
				CLANG_WARN_RANGE_LOOP_ANALYSIS = YES;
				CLANG_WARN_STRICT_PROTOTYPES = YES;
				CLANG_WARN_SUSPICIOUS_MOVE = YES;
				CLANG_WARN_UNGUARDED_AVAILABILITY = YES_AGGRESSIVE;
				CLANG_WARN_UNREACHABLE_CODE = YES;
				CLANG_WARN__DUPLICATE_METHOD_MATCH = YES;
				COPY_PHASE_STRIP = NO;
				DEBUG_INFORMATION_FORMAT = "dwarf-with-dsym";
				ENABLE_NS_ASSERTIONS = NO;
				ENABLE_STRICT_OBJC_MSGSEND = YES;
				GCC_C_LANGUAGE_STANDARD = gnu11;
				GCC_NO_COMMON_BLOCKS = YES;
				GCC_WARN_64_TO_32_BIT_CONVERSION = YES;
				GCC_WARN_ABOUT_RETURN_TYPE = YES_ERROR;
				GCC_WARN_UNDECLARED_SELECTOR = YES;
				GCC_WARN_UNINITIALIZED_AUTOS = YES_AGGRESSIVE;
				GCC_WARN_UNUSED_FUNCTION = YES;
				GCC_WARN_UNUSED_VARIABLE = YES;
				IPHONEOS_DEPLOYMENT_TARGET = 15.5;
				MTL_ENABLE_DEBUG_INFO = NO;
				MTL_FAST_MATH = YES;
				SDKROOT = iphoneos;
				SWIFT_COMPILATION_MODE = wholemodule;
				SWIFT_OPTIMIZATION_LEVEL = "-O";
				VALIDATE_PRODUCT = YES;
			};
			name = Release;
		};
		D0AB513528C76CD800EB6D2B /* Debug */ = {
			isa = XCBuildConfiguration;
			buildSettings = {
				ASSETCATALOG_COMPILER_APPICON_NAME = AppIcon;
				ASSETCATALOG_COMPILER_GLOBAL_ACCENT_COLOR_NAME = AccentColor;
				CODE_SIGN_STYLE = Automatic;
				CURRENT_PROJECT_VERSION = 1;
				DEVELOPMENT_TEAM = PW2RLJT734;
				GENERATE_INFOPLIST_FILE = YES;
				INFOPLIST_FILE = TripCard/Info.plist;
				INFOPLIST_KEY_CFBundleDisplayName = TripCard;
				INFOPLIST_KEY_UIApplicationSupportsIndirectInputEvents = YES;
				INFOPLIST_KEY_UILaunchStoryboardName = LaunchScreen;
				INFOPLIST_KEY_UISupportedInterfaceOrientations_iPad = "UIInterfaceOrientationPortrait UIInterfaceOrientationPortraitUpsideDown UIInterfaceOrientationLandscapeLeft UIInterfaceOrientationLandscapeRight";
				INFOPLIST_KEY_UISupportedInterfaceOrientations_iPhone = "UIInterfaceOrientationPortrait UIInterfaceOrientationLandscapeLeft UIInterfaceOrientationLandscapeRight";
				IPHONEOS_DEPLOYMENT_TARGET = 14.0;
				LD_RUNPATH_SEARCH_PATHS = (
					"$(inherited)",
					"@executable_path/Frameworks",
				);
				MARKETING_VERSION = 1.0;
				PRODUCT_BUNDLE_IDENTIFIER = com.DongHee.TripCard;
				PRODUCT_NAME = "$(TARGET_NAME)";
				SWIFT_EMIT_LOC_STRINGS = YES;
				SWIFT_VERSION = 5.0;
				TARGETED_DEVICE_FAMILY = 1;
			};
			name = Debug;
		};
		D0AB513628C76CD800EB6D2B /* Release */ = {
			isa = XCBuildConfiguration;
			buildSettings = {
				ASSETCATALOG_COMPILER_APPICON_NAME = AppIcon;
				ASSETCATALOG_COMPILER_GLOBAL_ACCENT_COLOR_NAME = AccentColor;
				CODE_SIGN_STYLE = Automatic;
				CURRENT_PROJECT_VERSION = 1;
				DEVELOPMENT_TEAM = PW2RLJT734;
				GENERATE_INFOPLIST_FILE = YES;
				INFOPLIST_FILE = TripCard/Info.plist;
				INFOPLIST_KEY_CFBundleDisplayName = TripCard;
				INFOPLIST_KEY_UIApplicationSupportsIndirectInputEvents = YES;
				INFOPLIST_KEY_UILaunchStoryboardName = LaunchScreen;
				INFOPLIST_KEY_UISupportedInterfaceOrientations_iPad = "UIInterfaceOrientationPortrait UIInterfaceOrientationPortraitUpsideDown UIInterfaceOrientationLandscapeLeft UIInterfaceOrientationLandscapeRight";
				INFOPLIST_KEY_UISupportedInterfaceOrientations_iPhone = "UIInterfaceOrientationPortrait UIInterfaceOrientationLandscapeLeft UIInterfaceOrientationLandscapeRight";
				IPHONEOS_DEPLOYMENT_TARGET = 14.0;
				LD_RUNPATH_SEARCH_PATHS = (
					"$(inherited)",
					"@executable_path/Frameworks",
				);
				MARKETING_VERSION = 1.0;
				PRODUCT_BUNDLE_IDENTIFIER = com.DongHee.TripCard;
				PRODUCT_NAME = "$(TARGET_NAME)";
				SWIFT_EMIT_LOC_STRINGS = YES;
				SWIFT_VERSION = 5.0;
				TARGETED_DEVICE_FAMILY = 1;
			};
			name = Release;
		};
/* End XCBuildConfiguration section */

/* Begin XCConfigurationList section */
		D0AB511B28C76CD800EB6D2B /* Build configuration list for PBXProject "TripCard" */ = {
			isa = XCConfigurationList;
			buildConfigurations = (
				D0AB513228C76CD800EB6D2B /* Debug */,
				D0AB513328C76CD800EB6D2B /* Release */,
			);
			defaultConfigurationIsVisible = 0;
			defaultConfigurationName = Release;
		};
		D0AB513428C76CD800EB6D2B /* Build configuration list for PBXNativeTarget "TripCard" */ = {
			isa = XCConfigurationList;
			buildConfigurations = (
				D0AB513528C76CD800EB6D2B /* Debug */,
				D0AB513628C76CD800EB6D2B /* Release */,
			);
			defaultConfigurationIsVisible = 0;
			defaultConfigurationName = Release;
		};
/* End XCConfigurationList section */

/* Begin XCRemoteSwiftPackageReference section */
		D0254FA328CB7CAC0076FCB1 /* XCRemoteSwiftPackageReference "Tabman" */ = {
			isa = XCRemoteSwiftPackageReference;
			repositoryURL = "https://github.com/uias/Tabman.git";
			requirement = {
				branch = main;
				kind = branch;
			};
		};
		D031752C28CB285C00C7A91C /* XCRemoteSwiftPackageReference "SnapKit" */ = {
			isa = XCRemoteSwiftPackageReference;
			repositoryURL = "https://github.com/SnapKit/SnapKit.git";
			requirement = {
				kind = upToNextMajorVersion;
				minimumVersion = 5.0.0;
			};
		};
		D031752F28CB28F000C7A91C /* XCRemoteSwiftPackageReference "Then" */ = {
			isa = XCRemoteSwiftPackageReference;
			repositoryURL = "https://github.com/devxoul/Then.git";
			requirement = {
				kind = upToNextMajorVersion;
				minimumVersion = 3.0.0;
			};
		};
		D04A961228D0648F0073EC38 /* XCRemoteSwiftPackageReference "TextFieldEffects" */ = {
			isa = XCRemoteSwiftPackageReference;
			repositoryURL = "https://github.com/raulriera/TextFieldEffects.git";
			requirement = {
				kind = upToNextMajorVersion;
				minimumVersion = 1.0.0;
			};
		};
		D091EEC928CEE83000BEDC80 /* XCRemoteSwiftPackageReference "realm-swift" */ = {
			isa = XCRemoteSwiftPackageReference;
			repositoryURL = "https://github.com/realm/realm-swift.git";
			requirement = {
				kind = upToNextMajorVersion;
				minimumVersion = 10.0.0;
			};
		};
		D0A666BB28D085000042C9C7 /* XCRemoteSwiftPackageReference "IQKeyboardManager" */ = {
			isa = XCRemoteSwiftPackageReference;
			repositoryURL = "https://github.com/hackiftekhar/IQKeyboardManager.git";
			requirement = {
				branch = master;
				kind = branch;
			};
		};
/* End XCRemoteSwiftPackageReference section */

/* Begin XCSwiftPackageProductDependency section */
		D0254FA428CB7CAC0076FCB1 /* Tabman */ = {
			isa = XCSwiftPackageProductDependency;
			package = D0254FA328CB7CAC0076FCB1 /* XCRemoteSwiftPackageReference "Tabman" */;
			productName = Tabman;
		};
		D031752D28CB285C00C7A91C /* SnapKit */ = {
			isa = XCSwiftPackageProductDependency;
			package = D031752C28CB285C00C7A91C /* XCRemoteSwiftPackageReference "SnapKit" */;
			productName = SnapKit;
		};
		D031753028CB28F000C7A91C /* Then */ = {
			isa = XCSwiftPackageProductDependency;
			package = D031752F28CB28F000C7A91C /* XCRemoteSwiftPackageReference "Then" */;
			productName = Then;
		};
		D04A961328D0648F0073EC38 /* TextFieldEffects */ = {
			isa = XCSwiftPackageProductDependency;
			package = D04A961228D0648F0073EC38 /* XCRemoteSwiftPackageReference "TextFieldEffects" */;
			productName = TextFieldEffects;
		};
		D091EECA28CEE83000BEDC80 /* Realm */ = {
			isa = XCSwiftPackageProductDependency;
			package = D091EEC928CEE83000BEDC80 /* XCRemoteSwiftPackageReference "realm-swift" */;
			productName = Realm;
		};
		D091EECC28CEE83000BEDC80 /* RealmSwift */ = {
			isa = XCSwiftPackageProductDependency;
			package = D091EEC928CEE83000BEDC80 /* XCRemoteSwiftPackageReference "realm-swift" */;
			productName = RealmSwift;
		};
		D0A666BC28D085000042C9C7 /* IQKeyboardManagerSwift */ = {
			isa = XCSwiftPackageProductDependency;
			package = D0A666BB28D085000042C9C7 /* XCRemoteSwiftPackageReference "IQKeyboardManager" */;
			productName = IQKeyboardManagerSwift;
		};
/* End XCSwiftPackageProductDependency section */
	};
	rootObject = D0AB511828C76CD800EB6D2B /* Project object */;
}
